// !$*UTF8*$!
{
	archiveVersion = 1;
	classes = {
	};
	objectVersion = 56;
	objects = {

/* Begin PBXBuildFile section */
		007AE1192BB196D200E4367E /* UsedSoundsListView.swift in Sources */ = {isa = PBXBuildFile; fileRef = 007AE1182BB196D200E4367E /* UsedSoundsListView.swift */; };
		007AE11B2BB196D900E4367E /* UsedSoundsListViewModel.swift in Sources */ = {isa = PBXBuildFile; fileRef = 007AE11A2BB196D900E4367E /* UsedSoundsListViewModel.swift */; };
		007AE11E2BB1ACB300E4367E /* ButtomSoundView.swift in Sources */ = {isa = PBXBuildFile; fileRef = 007AE11D2BB1ACB300E4367E /* ButtomSoundView.swift */; };
		007AE1202BB1AD3700E4367E /* TrackView.swift in Sources */ = {isa = PBXBuildFile; fileRef = 007AE11F2BB1AD3700E4367E /* TrackView.swift */; };
		007AE1332BB237C800E4367E /* TrackEditorViewModelProtocol.swift in Sources */ = {isa = PBXBuildFile; fileRef = 007AE1322BB237C800E4367E /* TrackEditorViewModelProtocol.swift */; };
		20F6F4DE2BB35B3800D0D4DC /* NetworkManagerErrors.swift in Sources */ = {isa = PBXBuildFile; fileRef = 20F6F4DD2BB35B3800D0D4DC /* NetworkManagerErrors.swift */; };
		20F6F4E22BB36E5200D0D4DC /* ImageDataStorageEntity.swift in Sources */ = {isa = PBXBuildFile; fileRef = 20F6F4E12BB36E5200D0D4DC /* ImageDataStorageEntity.swift */; };
		20F6F4E42BB3855300D0D4DC /* AudioDataStorageEntity.swift in Sources */ = {isa = PBXBuildFile; fileRef = 20F6F4E32BB3855300D0D4DC /* AudioDataStorageEntity.swift */; };
		20FEC69C2BADD2930045C1FF /* SoundListViewModelProtocol.swift in Sources */ = {isa = PBXBuildFile; fileRef = 20FEC69B2BADD2930045C1FF /* SoundListViewModelProtocol.swift */; };
		5EAF761B2BAE523100C4B065 /* ProjectProvider.swift in Sources */ = {isa = PBXBuildFile; fileRef = 5EAF761A2BAE523100C4B065 /* ProjectProvider.swift */; };
		5EAF761E2BAEBF9700C4B065 /* ProjectProviderImp.swift in Sources */ = {isa = PBXBuildFile; fileRef = 5EAF761D2BAEBF9700C4B065 /* ProjectProviderImp.swift */; };
		5EAF76262BAEC0D900C4B065 /* ProjectsListProvider.swift in Sources */ = {isa = PBXBuildFile; fileRef = 5EAF76252BAEC0D900C4B065 /* ProjectsListProvider.swift */; };
		5EAF76282BAEC1F700C4B065 /* ProjectsListProviderImp.swift in Sources */ = {isa = PBXBuildFile; fileRef = 5EAF76272BAEC1F700C4B065 /* ProjectsListProviderImp.swift */; };
		5EAF762B2BAEC22D00C4B065 /* SoundsListProvider.swift in Sources */ = {isa = PBXBuildFile; fileRef = 5EAF762A2BAEC22D00C4B065 /* SoundsListProvider.swift */; };
		5EAF762D2BAEC3CA00C4B065 /* SoundsListProviderImp.swift in Sources */ = {isa = PBXBuildFile; fileRef = 5EAF762C2BAEC3CA00C4B065 /* SoundsListProviderImp.swift */; };
		5EAF76302BAF0BED00C4B065 /* DataStorageError.swift in Sources */ = {isa = PBXBuildFile; fileRef = 5EAF762F2BAF0BED00C4B065 /* DataStorageError.swift */; };
		5EAF76342BAF0CAF00C4B065 /* ImageDataStorage.swift in Sources */ = {isa = PBXBuildFile; fileRef = 5EAF76332BAF0CAF00C4B065 /* ImageDataStorage.swift */; };
		5EAF76372BAF0D2700C4B065 /* SoundDataStorage.swift in Sources */ = {isa = PBXBuildFile; fileRef = 5EAF76362BAF0D2700C4B065 /* SoundDataStorage.swift */; };
		5EAF763A2BAF0F6A00C4B065 /* ProjectDataStorage.swift in Sources */ = {isa = PBXBuildFile; fileRef = 5EAF76392BAF0F6A00C4B065 /* ProjectDataStorage.swift */; };
		5EAF763D2BAF0F9A00C4B065 /* AudioDataStorage.swift in Sources */ = {isa = PBXBuildFile; fileRef = 5EAF763C2BAF0F9A00C4B065 /* AudioDataStorage.swift */; };
		5ECAFA4F2BADA78500FAA2F3 /* SoundPlaybackServiceImp.swift in Sources */ = {isa = PBXBuildFile; fileRef = 5ECAFA2D2BADA78500FAA2F3 /* SoundPlaybackServiceImp.swift */; };
		5ECAFA502BADA78500FAA2F3 /* ProjectPlaybackServiceImp.swift in Sources */ = {isa = PBXBuildFile; fileRef = 5ECAFA2E2BADA78500FAA2F3 /* ProjectPlaybackServiceImp.swift */; };
		5ECAFA512BADA78500FAA2F3 /* TrackPlaybackServiceImp.swift in Sources */ = {isa = PBXBuildFile; fileRef = 5ECAFA2F2BADA78500FAA2F3 /* TrackPlaybackServiceImp.swift */; };
		5ECAFA522BADA78500FAA2F3 /* PlaybackService.swift in Sources */ = {isa = PBXBuildFile; fileRef = 5ECAFA312BADA78500FAA2F3 /* PlaybackService.swift */; };
		5ECAFA532BADA78500FAA2F3 /* SamplingServiceImp.swift in Sources */ = {isa = PBXBuildFile; fileRef = 5ECAFA332BADA78500FAA2F3 /* SamplingServiceImp.swift */; };
		5ECAFA542BADA78500FAA2F3 /* SamplingService.swift in Sources */ = {isa = PBXBuildFile; fileRef = 5ECAFA352BADA78500FAA2F3 /* SamplingService.swift */; };
		5ECAFA572BADA78500FAA2F3 /* NetworkManagerImp.swift in Sources */ = {isa = PBXBuildFile; fileRef = 5ECAFA3B2BADA78500FAA2F3 /* NetworkManagerImp.swift */; };
		5ECAFA582BADA78500FAA2F3 /* NetworkManager.swift in Sources */ = {isa = PBXBuildFile; fileRef = 5ECAFA3D2BADA78500FAA2F3 /* NetworkManager.swift */; };
		5ECAFA592BADA78500FAA2F3 /* VisualizationServiceImp.swift in Sources */ = {isa = PBXBuildFile; fileRef = 5ECAFA3F2BADA78500FAA2F3 /* VisualizationServiceImp.swift */; };
		5ECAFA5A2BADA78500FAA2F3 /* VisualizationService.swift in Sources */ = {isa = PBXBuildFile; fileRef = 5ECAFA412BADA78500FAA2F3 /* VisualizationService.swift */; };
		5ECAFA5D2BADA78500FAA2F3 /* RecordingServiceImp.swift in Sources */ = {isa = PBXBuildFile; fileRef = 5ECAFA462BADA78500FAA2F3 /* RecordingServiceImp.swift */; };
		5ECAFA5E2BADA78500FAA2F3 /* RecordingService.swift in Sources */ = {isa = PBXBuildFile; fileRef = 5ECAFA482BADA78500FAA2F3 /* RecordingService.swift */; };
		5ECAFA5F2BADA78500FAA2F3 /* ImageDataStorageImp.swift in Sources */ = {isa = PBXBuildFile; fileRef = 5ECAFA4A2BADA78500FAA2F3 /* ImageDataStorageImp.swift */; };
		5ECAFA602BADA78500FAA2F3 /* SoundDataStorageImp.swift in Sources */ = {isa = PBXBuildFile; fileRef = 5ECAFA4B2BADA78500FAA2F3 /* SoundDataStorageImp.swift */; };
		5ECAFA612BADA78500FAA2F3 /* ProjectDataStorageImp.swift in Sources */ = {isa = PBXBuildFile; fileRef = 5ECAFA4C2BADA78500FAA2F3 /* ProjectDataStorageImp.swift */; };
		5ECAFA622BADA78500FAA2F3 /* DataStorage.swift in Sources */ = {isa = PBXBuildFile; fileRef = 5ECAFA4E2BADA78500FAA2F3 /* DataStorage.swift */; };
		5ECAFA642BADDC8E00FAA2F3 /* AudioDataStorageImp.swift in Sources */ = {isa = PBXBuildFile; fileRef = 5ECAFA632BADDC8E00FAA2F3 /* AudioDataStorageImp.swift */; };
		5ECF79E92BB09C080014896D /* Assembly.swift in Sources */ = {isa = PBXBuildFile; fileRef = 5ECF79E82BB09C080014896D /* Assembly.swift */; };
		5ECF79F62BB0A0150014896D /* TrackPlaybackService.swift in Sources */ = {isa = PBXBuildFile; fileRef = 5ECF79F52BB0A0150014896D /* TrackPlaybackService.swift */; };
		5ECF79F82BB0A0550014896D /* ProjectPlaybackService.swift in Sources */ = {isa = PBXBuildFile; fileRef = 5ECF79F72BB0A0550014896D /* ProjectPlaybackService.swift */; };
		5ECF79FA2BB0A08E0014896D /* SoundPlaybackService.swift in Sources */ = {isa = PBXBuildFile; fileRef = 5ECF79F92BB0A08E0014896D /* SoundPlaybackService.swift */; };
		5ED47CE32BACEA10008B4D31 /* Track.swift in Sources */ = {isa = PBXBuildFile; fileRef = 5ED47CE22BACEA10008B4D31 /* Track.swift */; };
		5ED47CE52BACEA65008B4D31 /* TrackPoint.swift in Sources */ = {isa = PBXBuildFile; fileRef = 5ED47CE42BACEA65008B4D31 /* TrackPoint.swift */; };
		5EE603B02BB3448500CC7440 /* RootView.swift in Sources */ = {isa = PBXBuildFile; fileRef = 5EE603AC2BB3448500CC7440 /* RootView.swift */; };
		5EE603B12BB3448500CC7440 /* Router.swift in Sources */ = {isa = PBXBuildFile; fileRef = 5EE603AD2BB3448500CC7440 /* Router.swift */; };
		5EE603B22BB3448500CC7440 /* Router+EnvironmentValues.swift in Sources */ = {isa = PBXBuildFile; fileRef = 5EE603AE2BB3448500CC7440 /* Router+EnvironmentValues.swift */; };
		5EE603B32BB3448500CC7440 /* Route.swift in Sources */ = {isa = PBXBuildFile; fileRef = 5EE603AF2BB3448500CC7440 /* Route.swift */; };
		5EF976512BB0FCB30015A54C /* Realm in Frameworks */ = {isa = PBXBuildFile; productRef = 5EF976502BB0FCB30015A54C /* Realm */; };
		5EF976532BB0FCB30015A54C /* RealmSwift in Frameworks */ = {isa = PBXBuildFile; productRef = 5EF976522BB0FCB30015A54C /* RealmSwift */; };
		5EF976572BB0FCEF0015A54C /* ProjectObject.swift in Sources */ = {isa = PBXBuildFile; fileRef = 5EF976562BB0FCEF0015A54C /* ProjectObject.swift */; };
		5EF976592BB0FCF90015A54C /* SoundObject.swift in Sources */ = {isa = PBXBuildFile; fileRef = 5EF976582BB0FCF90015A54C /* SoundObject.swift */; };
		5EF9765B2BB0FD040015A54C /* TrackObject.swift in Sources */ = {isa = PBXBuildFile; fileRef = 5EF9765A2BB0FD040015A54C /* TrackObject.swift */; };
		5EF9765D2BB0FD0F0015A54C /* TrackPointObject.swift in Sources */ = {isa = PBXBuildFile; fileRef = 5EF9765C2BB0FD0F0015A54C /* TrackPointObject.swift */; };
		5EF976602BB17E2A0015A54C /* ResultsExtension.swift in Sources */ = {isa = PBXBuildFile; fileRef = 5EF9765F2BB17E2A0015A54C /* ResultsExtension.swift */; };
		5EF976642BB215AD0015A54C /* IndicatorViewState.swift in Sources */ = {isa = PBXBuildFile; fileRef = 5EF976632BB215AD0015A54C /* IndicatorViewState.swift */; };
		5EF976662BB216600015A54C /* BaseViewState.swift in Sources */ = {isa = PBXBuildFile; fileRef = 5EF976652BB216600015A54C /* BaseViewState.swift */; };
		63A4CCDD2BB179DB007E0D73 /* SoundSettingsGraphViewModel.swift in Sources */ = {isa = PBXBuildFile; fileRef = 63A4CCDC2BB179DB007E0D73 /* SoundSettingsGraphViewModel.swift */; };
		63B8E6972BADC916001F3BE2 /* Manrope-Light.ttf in Resources */ = {isa = PBXBuildFile; fileRef = 63B8E6942BADC915001F3BE2 /* Manrope-Light.ttf */; };
		63B8E6982BADC916001F3BE2 /* Manrope-Bold.ttf in Resources */ = {isa = PBXBuildFile; fileRef = 63B8E6952BADC916001F3BE2 /* Manrope-Bold.ttf */; };
		63B8E6992BADC916001F3BE2 /* CustomFonts.swift in Sources */ = {isa = PBXBuildFile; fileRef = 63B8E6962BADC916001F3BE2 /* CustomFonts.swift */; };
		63CD48BE2BB18C210033CF77 /* MainView.swift in Sources */ = {isa = PBXBuildFile; fileRef = 63CD48BB2BB18C210033CF77 /* MainView.swift */; };
		63CD48BF2BB18C210033CF77 /* MainViewModel.swift in Sources */ = {isa = PBXBuildFile; fileRef = 63CD48BC2BB18C210033CF77 /* MainViewModel.swift */; };
		63CD48C12BB1B3A40033CF77 /* ProjectRowView.swift in Sources */ = {isa = PBXBuildFile; fileRef = 63CD48C02BB1B3A40033CF77 /* ProjectRowView.swift */; };
		63E2782A2BAD55CB00BC4E75 /* SoundSettingsGraphView.swift in Sources */ = {isa = PBXBuildFile; fileRef = 63E278292BAD55CB00BC4E75 /* SoundSettingsGraphView.swift */; };
		728CE1022BAAC9FF00542975 /* BeatMakerApp.swift in Sources */ = {isa = PBXBuildFile; fileRef = 728CE1012BAAC9FF00542975 /* BeatMakerApp.swift */; };
		728CE1042BAAC9FF00542975 /* TrackListView.swift in Sources */ = {isa = PBXBuildFile; fileRef = 728CE1032BAAC9FF00542975 /* TrackListView.swift */; };
		728CE1062BAACA0100542975 /* Assets.xcassets in Resources */ = {isa = PBXBuildFile; fileRef = 728CE1052BAACA0100542975 /* Assets.xcassets */; };
		728CE1092BAACA0100542975 /* Preview Assets.xcassets in Resources */ = {isa = PBXBuildFile; fileRef = 728CE1082BAACA0100542975 /* Preview Assets.xcassets */; };
		728CE1102BAAD06600542975 /* Project.swift in Sources */ = {isa = PBXBuildFile; fileRef = 728CE10F2BAAD06600542975 /* Project.swift */; };
		728CE1122BAAD98A00542975 /* TrackListViewModel.swift in Sources */ = {isa = PBXBuildFile; fileRef = 728CE1112BAAD98A00542975 /* TrackListViewModel.swift */; };
		728CE11E2BAADCCC00542975 /* Sound.swift in Sources */ = {isa = PBXBuildFile; fileRef = 728CE11D2BAADCCC00542975 /* Sound.swift */; };
		728CE1212BAADD3000542975 /* TrackEditorView.swift in Sources */ = {isa = PBXBuildFile; fileRef = 728CE1202BAADD3000542975 /* TrackEditorView.swift */; };
		728CE1232BAADD5B00542975 /* TrackEditorViewModel.swift in Sources */ = {isa = PBXBuildFile; fileRef = 728CE1222BAADD5B00542975 /* TrackEditorViewModel.swift */; };
		728CE1272BAADEE700542975 /* Localizable.strings in Resources */ = {isa = PBXBuildFile; fileRef = 728CE1292BAADEE700542975 /* Localizable.strings */; };
		728CE12D2BAAE0E800542975 /* PlayProjectView.swift in Sources */ = {isa = PBXBuildFile; fileRef = 728CE12C2BAAE0E800542975 /* PlayProjectView.swift */; };
		728CE12F2BAAE75000542975 /* PlayProjectViewModel.swift in Sources */ = {isa = PBXBuildFile; fileRef = 728CE12E2BAAE75000542975 /* PlayProjectViewModel.swift */; };
		728CE1322BAAE90D00542975 /* SoundListViewModel.swift in Sources */ = {isa = PBXBuildFile; fileRef = 728CE1312BAAE90D00542975 /* SoundListViewModel.swift */; };
		728CE1342BAAE91600542975 /* SoundListView.swift in Sources */ = {isa = PBXBuildFile; fileRef = 728CE1332BAAE91600542975 /* SoundListView.swift */; };
		728CE1C42BAD812B00542975 /* ImageExtension.swift in Sources */ = {isa = PBXBuildFile; fileRef = 728CE1C22BAD812B00542975 /* ImageExtension.swift */; };
		728CE1C52BAD812B00542975 /* ColorExtension.swift in Sources */ = {isa = PBXBuildFile; fileRef = 728CE1C32BAD812B00542975 /* ColorExtension.swift */; };
/* End PBXBuildFile section */

/* Begin PBXFileReference section */
		007AE1182BB196D200E4367E /* UsedSoundsListView.swift */ = {isa = PBXFileReference; lastKnownFileType = sourcecode.swift; path = UsedSoundsListView.swift; sourceTree = "<group>"; };
		007AE11A2BB196D900E4367E /* UsedSoundsListViewModel.swift */ = {isa = PBXFileReference; lastKnownFileType = sourcecode.swift; path = UsedSoundsListViewModel.swift; sourceTree = "<group>"; };
		007AE11D2BB1ACB300E4367E /* ButtomSoundView.swift */ = {isa = PBXFileReference; lastKnownFileType = sourcecode.swift; path = ButtomSoundView.swift; sourceTree = "<group>"; };
		007AE11F2BB1AD3700E4367E /* TrackView.swift */ = {isa = PBXFileReference; lastKnownFileType = sourcecode.swift; path = TrackView.swift; sourceTree = "<group>"; };
		007AE1322BB237C800E4367E /* TrackEditorViewModelProtocol.swift */ = {isa = PBXFileReference; lastKnownFileType = sourcecode.swift; path = TrackEditorViewModelProtocol.swift; sourceTree = "<group>"; };
		20F6F4DD2BB35B3800D0D4DC /* NetworkManagerErrors.swift */ = {isa = PBXFileReference; lastKnownFileType = sourcecode.swift; path = NetworkManagerErrors.swift; sourceTree = "<group>"; };
		20F6F4E12BB36E5200D0D4DC /* ImageDataStorageEntity.swift */ = {isa = PBXFileReference; lastKnownFileType = sourcecode.swift; path = ImageDataStorageEntity.swift; sourceTree = "<group>"; };
		20F6F4E32BB3855300D0D4DC /* AudioDataStorageEntity.swift */ = {isa = PBXFileReference; lastKnownFileType = sourcecode.swift; path = AudioDataStorageEntity.swift; sourceTree = "<group>"; };
		20FEC69B2BADD2930045C1FF /* SoundListViewModelProtocol.swift */ = {isa = PBXFileReference; lastKnownFileType = sourcecode.swift; path = SoundListViewModelProtocol.swift; sourceTree = "<group>"; };
		5EAF761A2BAE523100C4B065 /* ProjectProvider.swift */ = {isa = PBXFileReference; lastKnownFileType = sourcecode.swift; path = ProjectProvider.swift; sourceTree = "<group>"; };
		5EAF761D2BAEBF9700C4B065 /* ProjectProviderImp.swift */ = {isa = PBXFileReference; lastKnownFileType = sourcecode.swift; path = ProjectProviderImp.swift; sourceTree = "<group>"; };
		5EAF76252BAEC0D900C4B065 /* ProjectsListProvider.swift */ = {isa = PBXFileReference; lastKnownFileType = sourcecode.swift; path = ProjectsListProvider.swift; sourceTree = "<group>"; };
		5EAF76272BAEC1F700C4B065 /* ProjectsListProviderImp.swift */ = {isa = PBXFileReference; lastKnownFileType = sourcecode.swift; path = ProjectsListProviderImp.swift; sourceTree = "<group>"; };
		5EAF762A2BAEC22D00C4B065 /* SoundsListProvider.swift */ = {isa = PBXFileReference; lastKnownFileType = sourcecode.swift; path = SoundsListProvider.swift; sourceTree = "<group>"; };
		5EAF762C2BAEC3CA00C4B065 /* SoundsListProviderImp.swift */ = {isa = PBXFileReference; lastKnownFileType = sourcecode.swift; path = SoundsListProviderImp.swift; sourceTree = "<group>"; };
		5EAF762F2BAF0BED00C4B065 /* DataStorageError.swift */ = {isa = PBXFileReference; lastKnownFileType = sourcecode.swift; path = DataStorageError.swift; sourceTree = "<group>"; };
		5EAF76332BAF0CAF00C4B065 /* ImageDataStorage.swift */ = {isa = PBXFileReference; lastKnownFileType = sourcecode.swift; path = ImageDataStorage.swift; sourceTree = "<group>"; };
		5EAF76362BAF0D2700C4B065 /* SoundDataStorage.swift */ = {isa = PBXFileReference; lastKnownFileType = sourcecode.swift; path = SoundDataStorage.swift; sourceTree = "<group>"; };
		5EAF76392BAF0F6A00C4B065 /* ProjectDataStorage.swift */ = {isa = PBXFileReference; lastKnownFileType = sourcecode.swift; path = ProjectDataStorage.swift; sourceTree = "<group>"; };
		5EAF763C2BAF0F9A00C4B065 /* AudioDataStorage.swift */ = {isa = PBXFileReference; lastKnownFileType = sourcecode.swift; path = AudioDataStorage.swift; sourceTree = "<group>"; };
		5ECAFA2D2BADA78500FAA2F3 /* SoundPlaybackServiceImp.swift */ = {isa = PBXFileReference; fileEncoding = 4; lastKnownFileType = sourcecode.swift; path = SoundPlaybackServiceImp.swift; sourceTree = "<group>"; };
		5ECAFA2E2BADA78500FAA2F3 /* ProjectPlaybackServiceImp.swift */ = {isa = PBXFileReference; fileEncoding = 4; lastKnownFileType = sourcecode.swift; path = ProjectPlaybackServiceImp.swift; sourceTree = "<group>"; };
		5ECAFA2F2BADA78500FAA2F3 /* TrackPlaybackServiceImp.swift */ = {isa = PBXFileReference; fileEncoding = 4; lastKnownFileType = sourcecode.swift; path = TrackPlaybackServiceImp.swift; sourceTree = "<group>"; };
		5ECAFA312BADA78500FAA2F3 /* PlaybackService.swift */ = {isa = PBXFileReference; fileEncoding = 4; lastKnownFileType = sourcecode.swift; path = PlaybackService.swift; sourceTree = "<group>"; };
		5ECAFA332BADA78500FAA2F3 /* SamplingServiceImp.swift */ = {isa = PBXFileReference; fileEncoding = 4; lastKnownFileType = sourcecode.swift; path = SamplingServiceImp.swift; sourceTree = "<group>"; };
		5ECAFA352BADA78500FAA2F3 /* SamplingService.swift */ = {isa = PBXFileReference; fileEncoding = 4; lastKnownFileType = sourcecode.swift; path = SamplingService.swift; sourceTree = "<group>"; };
		5ECAFA3B2BADA78500FAA2F3 /* NetworkManagerImp.swift */ = {isa = PBXFileReference; fileEncoding = 4; lastKnownFileType = sourcecode.swift; path = NetworkManagerImp.swift; sourceTree = "<group>"; };
		5ECAFA3D2BADA78500FAA2F3 /* NetworkManager.swift */ = {isa = PBXFileReference; fileEncoding = 4; lastKnownFileType = sourcecode.swift; path = NetworkManager.swift; sourceTree = "<group>"; };
		5ECAFA3F2BADA78500FAA2F3 /* VisualizationServiceImp.swift */ = {isa = PBXFileReference; fileEncoding = 4; lastKnownFileType = sourcecode.swift; path = VisualizationServiceImp.swift; sourceTree = "<group>"; };
		5ECAFA412BADA78500FAA2F3 /* VisualizationService.swift */ = {isa = PBXFileReference; fileEncoding = 4; lastKnownFileType = sourcecode.swift; path = VisualizationService.swift; sourceTree = "<group>"; };
		5ECAFA462BADA78500FAA2F3 /* RecordingServiceImp.swift */ = {isa = PBXFileReference; fileEncoding = 4; lastKnownFileType = sourcecode.swift; path = RecordingServiceImp.swift; sourceTree = "<group>"; };
		5ECAFA482BADA78500FAA2F3 /* RecordingService.swift */ = {isa = PBXFileReference; fileEncoding = 4; lastKnownFileType = sourcecode.swift; path = RecordingService.swift; sourceTree = "<group>"; };
		5ECAFA4A2BADA78500FAA2F3 /* ImageDataStorageImp.swift */ = {isa = PBXFileReference; fileEncoding = 4; lastKnownFileType = sourcecode.swift; path = ImageDataStorageImp.swift; sourceTree = "<group>"; };
		5ECAFA4B2BADA78500FAA2F3 /* SoundDataStorageImp.swift */ = {isa = PBXFileReference; fileEncoding = 4; lastKnownFileType = sourcecode.swift; path = SoundDataStorageImp.swift; sourceTree = "<group>"; };
		5ECAFA4C2BADA78500FAA2F3 /* ProjectDataStorageImp.swift */ = {isa = PBXFileReference; fileEncoding = 4; lastKnownFileType = sourcecode.swift; path = ProjectDataStorageImp.swift; sourceTree = "<group>"; };
		5ECAFA4E2BADA78500FAA2F3 /* DataStorage.swift */ = {isa = PBXFileReference; fileEncoding = 4; lastKnownFileType = sourcecode.swift; path = DataStorage.swift; sourceTree = "<group>"; };
		5ECAFA632BADDC8E00FAA2F3 /* AudioDataStorageImp.swift */ = {isa = PBXFileReference; lastKnownFileType = sourcecode.swift; path = AudioDataStorageImp.swift; sourceTree = "<group>"; };
		5ECF79E82BB09C080014896D /* Assembly.swift */ = {isa = PBXFileReference; lastKnownFileType = sourcecode.swift; path = Assembly.swift; sourceTree = "<group>"; };
		5ECF79F02BB09EE50014896D /* Info.plist */ = {isa = PBXFileReference; fileEncoding = 4; lastKnownFileType = text.plist.xml; path = Info.plist; sourceTree = "<group>"; };
		5ECF79F52BB0A0150014896D /* TrackPlaybackService.swift */ = {isa = PBXFileReference; lastKnownFileType = sourcecode.swift; path = TrackPlaybackService.swift; sourceTree = "<group>"; };
		5ECF79F72BB0A0550014896D /* ProjectPlaybackService.swift */ = {isa = PBXFileReference; lastKnownFileType = sourcecode.swift; path = ProjectPlaybackService.swift; sourceTree = "<group>"; };
		5ECF79F92BB0A08E0014896D /* SoundPlaybackService.swift */ = {isa = PBXFileReference; lastKnownFileType = sourcecode.swift; path = SoundPlaybackService.swift; sourceTree = "<group>"; };
		5ED47CE22BACEA10008B4D31 /* Track.swift */ = {isa = PBXFileReference; lastKnownFileType = sourcecode.swift; path = Track.swift; sourceTree = "<group>"; };
		5ED47CE42BACEA65008B4D31 /* TrackPoint.swift */ = {isa = PBXFileReference; lastKnownFileType = sourcecode.swift; path = TrackPoint.swift; sourceTree = "<group>"; };
		5EE603AC2BB3448500CC7440 /* RootView.swift */ = {isa = PBXFileReference; fileEncoding = 4; lastKnownFileType = sourcecode.swift; path = RootView.swift; sourceTree = "<group>"; };
		5EE603AD2BB3448500CC7440 /* Router.swift */ = {isa = PBXFileReference; fileEncoding = 4; lastKnownFileType = sourcecode.swift; path = Router.swift; sourceTree = "<group>"; };
		5EE603AE2BB3448500CC7440 /* Router+EnvironmentValues.swift */ = {isa = PBXFileReference; fileEncoding = 4; lastKnownFileType = sourcecode.swift; path = "Router+EnvironmentValues.swift"; sourceTree = "<group>"; };
		5EE603AF2BB3448500CC7440 /* Route.swift */ = {isa = PBXFileReference; fileEncoding = 4; lastKnownFileType = sourcecode.swift; path = Route.swift; sourceTree = "<group>"; };
		5EF976562BB0FCEF0015A54C /* ProjectObject.swift */ = {isa = PBXFileReference; lastKnownFileType = sourcecode.swift; path = ProjectObject.swift; sourceTree = "<group>"; };
		5EF976582BB0FCF90015A54C /* SoundObject.swift */ = {isa = PBXFileReference; lastKnownFileType = sourcecode.swift; path = SoundObject.swift; sourceTree = "<group>"; };
		5EF9765A2BB0FD040015A54C /* TrackObject.swift */ = {isa = PBXFileReference; lastKnownFileType = sourcecode.swift; path = TrackObject.swift; sourceTree = "<group>"; };
		5EF9765C2BB0FD0F0015A54C /* TrackPointObject.swift */ = {isa = PBXFileReference; lastKnownFileType = sourcecode.swift; path = TrackPointObject.swift; sourceTree = "<group>"; };
		5EF9765F2BB17E2A0015A54C /* ResultsExtension.swift */ = {isa = PBXFileReference; lastKnownFileType = sourcecode.swift; path = ResultsExtension.swift; sourceTree = "<group>"; };
		5EF976632BB215AD0015A54C /* IndicatorViewState.swift */ = {isa = PBXFileReference; lastKnownFileType = sourcecode.swift; path = IndicatorViewState.swift; sourceTree = "<group>"; };
		5EF976652BB216600015A54C /* BaseViewState.swift */ = {isa = PBXFileReference; lastKnownFileType = sourcecode.swift; path = BaseViewState.swift; sourceTree = "<group>"; };
		63A4CCDC2BB179DB007E0D73 /* SoundSettingsGraphViewModel.swift */ = {isa = PBXFileReference; lastKnownFileType = sourcecode.swift; path = SoundSettingsGraphViewModel.swift; sourceTree = "<group>"; };
		63B8E6942BADC915001F3BE2 /* Manrope-Light.ttf */ = {isa = PBXFileReference; lastKnownFileType = file; path = "Manrope-Light.ttf"; sourceTree = "<group>"; };
		63B8E6952BADC916001F3BE2 /* Manrope-Bold.ttf */ = {isa = PBXFileReference; lastKnownFileType = file; path = "Manrope-Bold.ttf"; sourceTree = "<group>"; };
		63B8E6962BADC916001F3BE2 /* CustomFonts.swift */ = {isa = PBXFileReference; fileEncoding = 4; lastKnownFileType = sourcecode.swift; path = CustomFonts.swift; sourceTree = "<group>"; };
		63CD48BB2BB18C210033CF77 /* MainView.swift */ = {isa = PBXFileReference; fileEncoding = 4; lastKnownFileType = sourcecode.swift; path = MainView.swift; sourceTree = "<group>"; };
		63CD48BC2BB18C210033CF77 /* MainViewModel.swift */ = {isa = PBXFileReference; fileEncoding = 4; lastKnownFileType = sourcecode.swift; path = MainViewModel.swift; sourceTree = "<group>"; };
		63CD48C02BB1B3A40033CF77 /* ProjectRowView.swift */ = {isa = PBXFileReference; lastKnownFileType = sourcecode.swift; path = ProjectRowView.swift; sourceTree = "<group>"; };
		63E278292BAD55CB00BC4E75 /* SoundSettingsGraphView.swift */ = {isa = PBXFileReference; lastKnownFileType = sourcecode.swift; path = SoundSettingsGraphView.swift; sourceTree = "<group>"; };
		728CE0FE2BAAC9FF00542975 /* BeatMaker.app */ = {isa = PBXFileReference; explicitFileType = wrapper.application; includeInIndex = 0; path = BeatMaker.app; sourceTree = BUILT_PRODUCTS_DIR; };
		728CE1012BAAC9FF00542975 /* BeatMakerApp.swift */ = {isa = PBXFileReference; lastKnownFileType = sourcecode.swift; path = BeatMakerApp.swift; sourceTree = "<group>"; };
		728CE1032BAAC9FF00542975 /* TrackListView.swift */ = {isa = PBXFileReference; lastKnownFileType = sourcecode.swift; path = TrackListView.swift; sourceTree = "<group>"; };
		728CE1052BAACA0100542975 /* Assets.xcassets */ = {isa = PBXFileReference; lastKnownFileType = folder.assetcatalog; path = Assets.xcassets; sourceTree = "<group>"; };
		728CE1082BAACA0100542975 /* Preview Assets.xcassets */ = {isa = PBXFileReference; lastKnownFileType = folder.assetcatalog; path = "Preview Assets.xcassets"; sourceTree = "<group>"; };
		728CE10F2BAAD06600542975 /* Project.swift */ = {isa = PBXFileReference; lastKnownFileType = sourcecode.swift; path = Project.swift; sourceTree = "<group>"; };
		728CE1112BAAD98A00542975 /* TrackListViewModel.swift */ = {isa = PBXFileReference; lastKnownFileType = sourcecode.swift; path = TrackListViewModel.swift; sourceTree = "<group>"; };
		728CE11D2BAADCCC00542975 /* Sound.swift */ = {isa = PBXFileReference; lastKnownFileType = sourcecode.swift; path = Sound.swift; sourceTree = "<group>"; };
		728CE1202BAADD3000542975 /* TrackEditorView.swift */ = {isa = PBXFileReference; lastKnownFileType = sourcecode.swift; path = TrackEditorView.swift; sourceTree = "<group>"; };
		728CE1222BAADD5B00542975 /* TrackEditorViewModel.swift */ = {isa = PBXFileReference; lastKnownFileType = sourcecode.swift; path = TrackEditorViewModel.swift; sourceTree = "<group>"; };
		728CE1282BAADEE700542975 /* en */ = {isa = PBXFileReference; lastKnownFileType = text.plist.strings; name = en; path = en.lproj/Localizable.strings; sourceTree = "<group>"; };
		728CE12A2BAADEEC00542975 /* ru */ = {isa = PBXFileReference; lastKnownFileType = text.plist.strings; name = ru; path = ru.lproj/Localizable.strings; sourceTree = "<group>"; };
		728CE12C2BAAE0E800542975 /* PlayProjectView.swift */ = {isa = PBXFileReference; lastKnownFileType = sourcecode.swift; path = PlayProjectView.swift; sourceTree = "<group>"; };
		728CE12E2BAAE75000542975 /* PlayProjectViewModel.swift */ = {isa = PBXFileReference; lastKnownFileType = sourcecode.swift; path = PlayProjectViewModel.swift; sourceTree = "<group>"; };
		728CE1312BAAE90D00542975 /* SoundListViewModel.swift */ = {isa = PBXFileReference; lastKnownFileType = sourcecode.swift; path = SoundListViewModel.swift; sourceTree = "<group>"; };
		728CE1332BAAE91600542975 /* SoundListView.swift */ = {isa = PBXFileReference; lastKnownFileType = sourcecode.swift; path = SoundListView.swift; sourceTree = "<group>"; };
		728CE1C22BAD812B00542975 /* ImageExtension.swift */ = {isa = PBXFileReference; fileEncoding = 4; lastKnownFileType = sourcecode.swift; path = ImageExtension.swift; sourceTree = "<group>"; };
		728CE1C32BAD812B00542975 /* ColorExtension.swift */ = {isa = PBXFileReference; fileEncoding = 4; lastKnownFileType = sourcecode.swift; path = ColorExtension.swift; sourceTree = "<group>"; };
/* End PBXFileReference section */

/* Begin PBXFrameworksBuildPhase section */
		728CE0FB2BAAC9FF00542975 /* Frameworks */ = {
			isa = PBXFrameworksBuildPhase;
			buildActionMask = 2147483647;
			files = (
				5EF976532BB0FCB30015A54C /* RealmSwift in Frameworks */,
				5EF976512BB0FCB30015A54C /* Realm in Frameworks */,
			);
			runOnlyForDeploymentPostprocessing = 0;
		};
/* End PBXFrameworksBuildPhase section */

/* Begin PBXGroup section */
		007AE1172BB196A900E4367E /* UsedSoundsList */ = {
			isa = PBXGroup;
			children = (
				007AE1182BB196D200E4367E /* UsedSoundsListView.swift */,
				007AE11A2BB196D900E4367E /* UsedSoundsListViewModel.swift */,
			);
			path = UsedSoundsList;
			sourceTree = "<group>";
		};
		007AE11C2BB1AC9C00E4367E /* ComponentView */ = {
			isa = PBXGroup;
			children = (
				007AE11D2BB1ACB300E4367E /* ButtomSoundView.swift */,
				007AE11F2BB1AD3700E4367E /* TrackView.swift */,
			);
			path = ComponentView;
			sourceTree = "<group>";
		};
		5E45CB342BAD06B700E14B41 /* Services */ = {
			isa = PBXGroup;
			children = (
				5ECAFA2C2BADA78500FAA2F3 /* PlaybackService */,
				5ECAFA452BADA78500FAA2F3 /* RecordingService */,
				5ECAFA322BADA78500FAA2F3 /* SamplingService */,
				5ECAFA3E2BADA78500FAA2F3 /* VisualizationService */,
			);
			path = Services;
			sourceTree = "<group>";
		};
		5EAF761C2BAEBED100C4B065 /* ProjectProvider */ = {
			isa = PBXGroup;
			children = (
				5EAF761A2BAE523100C4B065 /* ProjectProvider.swift */,
				5EAF761D2BAEBF9700C4B065 /* ProjectProviderImp.swift */,
			);
			path = ProjectProvider;
			sourceTree = "<group>";
		};
		5EAF76242BAEC0BF00C4B065 /* ProjectsListProvider */ = {
			isa = PBXGroup;
			children = (
				5EAF76252BAEC0D900C4B065 /* ProjectsListProvider.swift */,
				5EAF76272BAEC1F700C4B065 /* ProjectsListProviderImp.swift */,
			);
			path = ProjectsListProvider;
			sourceTree = "<group>";
		};
		5EAF76292BAEC21B00C4B065 /* SoundsListProvider */ = {
			isa = PBXGroup;
			children = (
				5EAF762A2BAEC22D00C4B065 /* SoundsListProvider.swift */,
				5EAF762C2BAEC3CA00C4B065 /* SoundsListProviderImp.swift */,
			);
			path = SoundsListProvider;
			sourceTree = "<group>";
		};
		5EAF76312BAF0C6A00C4B065 /* Base */ = {
			isa = PBXGroup;
			children = (
				5EAF762F2BAF0BED00C4B065 /* DataStorageError.swift */,
				5ECAFA4E2BADA78500FAA2F3 /* DataStorage.swift */,
			);
			path = Base;
			sourceTree = "<group>";
		};
		5EAF76322BAF0C7B00C4B065 /* ImageDataStorage */ = {
			isa = PBXGroup;
			children = (
				5ECAFA4A2BADA78500FAA2F3 /* ImageDataStorageImp.swift */,
				5EAF76332BAF0CAF00C4B065 /* ImageDataStorage.swift */,
				20F6F4E12BB36E5200D0D4DC /* ImageDataStorageEntity.swift */,
			);
			path = ImageDataStorage;
			sourceTree = "<group>";
		};
		5EAF76352BAF0CE900C4B065 /* SoundDataStorage */ = {
			isa = PBXGroup;
			children = (
				5EAF76362BAF0D2700C4B065 /* SoundDataStorage.swift */,
				5ECAFA4B2BADA78500FAA2F3 /* SoundDataStorageImp.swift */,
			);
			path = SoundDataStorage;
			sourceTree = "<group>";
		};
		5EAF76382BAF0F4500C4B065 /* ProjectDataStorage */ = {
			isa = PBXGroup;
			children = (
				5ECAFA4C2BADA78500FAA2F3 /* ProjectDataStorageImp.swift */,
				5EAF76392BAF0F6A00C4B065 /* ProjectDataStorage.swift */,
			);
			path = ProjectDataStorage;
			sourceTree = "<group>";
		};
		5EAF763B2BAF0F8A00C4B065 /* AudioDataStorage */ = {
			isa = PBXGroup;
			children = (
				5EAF763C2BAF0F9A00C4B065 /* AudioDataStorage.swift */,
				5ECAFA632BADDC8E00FAA2F3 /* AudioDataStorageImp.swift */,
				20F6F4E32BB3855300D0D4DC /* AudioDataStorageEntity.swift */,
			);
			path = AudioDataStorage;
			sourceTree = "<group>";
		};
		5ECAFA2C2BADA78500FAA2F3 /* PlaybackService */ = {
			isa = PBXGroup;
			children = (
				5ECAFA302BADA78500FAA2F3 /* Base */,
				5ECF79F32BB09F4A0014896D /* ProjectPlaybackService */,
				5ECF79F42BB09FCA0014896D /* TrackPlaybackService */,
				5ECF79F22BB09F3F0014896D /* SoundPlaybackService */,
			);
			path = PlaybackService;
			sourceTree = "<group>";
		};
		5ECAFA302BADA78500FAA2F3 /* Base */ = {
			isa = PBXGroup;
			children = (
				5ECAFA312BADA78500FAA2F3 /* PlaybackService.swift */,
			);
			path = Base;
			sourceTree = "<group>";
		};
		5ECAFA322BADA78500FAA2F3 /* SamplingService */ = {
			isa = PBXGroup;
			children = (
				5ECAFA352BADA78500FAA2F3 /* SamplingService.swift */,
				5ECAFA332BADA78500FAA2F3 /* SamplingServiceImp.swift */,
			);
			path = SamplingService;
			sourceTree = "<group>";
		};
		5ECAFA3A2BADA78500FAA2F3 /* NetworkManager */ = {
			isa = PBXGroup;
			children = (
				5ECAFA3D2BADA78500FAA2F3 /* NetworkManager.swift */,
				5ECAFA3B2BADA78500FAA2F3 /* NetworkManagerImp.swift */,
				20F6F4DD2BB35B3800D0D4DC /* NetworkManagerErrors.swift */,
			);
			path = NetworkManager;
			sourceTree = "<group>";
		};
		5ECAFA3E2BADA78500FAA2F3 /* VisualizationService */ = {
			isa = PBXGroup;
			children = (
				5ECAFA412BADA78500FAA2F3 /* VisualizationService.swift */,
				5ECAFA3F2BADA78500FAA2F3 /* VisualizationServiceImp.swift */,
			);
			path = VisualizationService;
			sourceTree = "<group>";
		};
		5ECAFA452BADA78500FAA2F3 /* RecordingService */ = {
			isa = PBXGroup;
			children = (
				5ECAFA482BADA78500FAA2F3 /* RecordingService.swift */,
				5ECAFA462BADA78500FAA2F3 /* RecordingServiceImp.swift */,
			);
			path = RecordingService;
			sourceTree = "<group>";
		};
		5ECF79E72BB09BF40014896D /* Assembly */ = {
			isa = PBXGroup;
			children = (
				5ECF79E82BB09C080014896D /* Assembly.swift */,
			);
			path = Assembly;
			sourceTree = "<group>";
		};
		5ECF79EB2BB09E160014896D /* DataManagers */ = {
			isa = PBXGroup;
			children = (
				5ECF79ED2BB09E320014896D /* FileManager */,
				5ECF79EC2BB09E270014896D /* RealmManager */,
				5ECAFA3A2BADA78500FAA2F3 /* NetworkManager */,
			);
			path = DataManagers;
			sourceTree = "<group>";
		};
		5ECF79EC2BB09E270014896D /* RealmManager */ = {
			isa = PBXGroup;
			children = (
				5EF9765E2BB17E030015A54C /* Extensionals */,
				5EF976552BB0FCDF0015A54C /* Models */,
			);
			path = RealmManager;
			sourceTree = "<group>";
		};
		5ECF79ED2BB09E320014896D /* FileManager */ = {
			isa = PBXGroup;
			children = (
			);
			path = FileManager;
			sourceTree = "<group>";
		};
		5ECF79EE2BB09E570014896D /* Providers */ = {
			isa = PBXGroup;
			children = (
				5EAF761C2BAEBED100C4B065 /* ProjectProvider */,
				5EAF76242BAEC0BF00C4B065 /* ProjectsListProvider */,
				5EAF76292BAEC21B00C4B065 /* SoundsListProvider */,
			);
			path = Providers;
			sourceTree = "<group>";
		};
		5ECF79EF2BB09E630014896D /* DataStorages */ = {
			isa = PBXGroup;
			children = (
				5EAF76312BAF0C6A00C4B065 /* Base */,
				5EAF76382BAF0F4500C4B065 /* ProjectDataStorage */,
				5EAF76352BAF0CE900C4B065 /* SoundDataStorage */,
				5EAF763B2BAF0F8A00C4B065 /* AudioDataStorage */,
				5EAF76322BAF0C7B00C4B065 /* ImageDataStorage */,
			);
			path = DataStorages;
			sourceTree = "<group>";
		};
		5ECF79F22BB09F3F0014896D /* SoundPlaybackService */ = {
			isa = PBXGroup;
			children = (
				5ECAFA2D2BADA78500FAA2F3 /* SoundPlaybackServiceImp.swift */,
				5ECF79F92BB0A08E0014896D /* SoundPlaybackService.swift */,
			);
			path = SoundPlaybackService;
			sourceTree = "<group>";
		};
		5ECF79F32BB09F4A0014896D /* ProjectPlaybackService */ = {
			isa = PBXGroup;
			children = (
				5ECF79F72BB0A0550014896D /* ProjectPlaybackService.swift */,
				5ECAFA2E2BADA78500FAA2F3 /* ProjectPlaybackServiceImp.swift */,
			);
			path = ProjectPlaybackService;
			sourceTree = "<group>";
		};
		5ECF79F42BB09FCA0014896D /* TrackPlaybackService */ = {
			isa = PBXGroup;
			children = (
				5ECF79F52BB0A0150014896D /* TrackPlaybackService.swift */,
				5ECAFA2F2BADA78500FAA2F3 /* TrackPlaybackServiceImp.swift */,
			);
			path = TrackPlaybackService;
			sourceTree = "<group>";
		};
		5EE603AB2BB3448500CC7440 /* Router */ = {
			isa = PBXGroup;
			children = (
				5EE603AC2BB3448500CC7440 /* RootView.swift */,
				5EE603AD2BB3448500CC7440 /* Router.swift */,
				5EE603AE2BB3448500CC7440 /* Router+EnvironmentValues.swift */,
				5EE603AF2BB3448500CC7440 /* Route.swift */,
			);
			path = Router;
			sourceTree = "<group>";
		};
		5EF976552BB0FCDF0015A54C /* Models */ = {
			isa = PBXGroup;
			children = (
				5EF976562BB0FCEF0015A54C /* ProjectObject.swift */,
				5EF976582BB0FCF90015A54C /* SoundObject.swift */,
				5EF9765A2BB0FD040015A54C /* TrackObject.swift */,
				5EF9765C2BB0FD0F0015A54C /* TrackPointObject.swift */,
			);
			path = Models;
			sourceTree = "<group>";
		};
		5EF9765E2BB17E030015A54C /* Extensionals */ = {
			isa = PBXGroup;
			children = (
				5EF9765F2BB17E2A0015A54C /* ResultsExtension.swift */,
			);
			path = Extensionals;
			sourceTree = "<group>";
		};
		5EF976612BB206A90015A54C /* Subviews */ = {
			isa = PBXGroup;
			children = (
				63CD48C02BB1B3A40033CF77 /* ProjectRowView.swift */,
			);
			path = Subviews;
			sourceTree = "<group>";
		};
		5EF976622BB215770015A54C /* Base */ = {
			isa = PBXGroup;
			children = (
				5EF976632BB215AD0015A54C /* IndicatorViewState.swift */,
				5EF976652BB216600015A54C /* BaseViewState.swift */,
			);
			path = Base;
			sourceTree = "<group>";
		};
		63B8E6932BADC8F9001F3BE2 /* Fonts */ = {
			isa = PBXGroup;
			children = (
				63B8E6962BADC916001F3BE2 /* CustomFonts.swift */,
				63B8E6952BADC916001F3BE2 /* Manrope-Bold.ttf */,
				63B8E6942BADC915001F3BE2 /* Manrope-Light.ttf */,
			);
			path = Fonts;
			sourceTree = "<group>";
		};
		63CD48BD2BB18C210033CF77 /* Main */ = {
			isa = PBXGroup;
			children = (
				5EF976612BB206A90015A54C /* Subviews */,
				63CD48BB2BB18C210033CF77 /* MainView.swift */,
				63CD48BC2BB18C210033CF77 /* MainViewModel.swift */,
			);
			path = Main;
			sourceTree = "<group>";
		};
		63E278282BAD559500BC4E75 /* SoundSettingsGraph */ = {
			isa = PBXGroup;
			children = (
				63E278292BAD55CB00BC4E75 /* SoundSettingsGraphView.swift */,
				63A4CCDC2BB179DB007E0D73 /* SoundSettingsGraphViewModel.swift */,
			);
			path = SoundSettingsGraph;
			sourceTree = "<group>";
		};
		728CE0F52BAAC9FF00542975 = {
			isa = PBXGroup;
			children = (
				728CE1002BAAC9FF00542975 /* BeatMaker */,
				728CE0FF2BAAC9FF00542975 /* Products */,
			);
			sourceTree = "<group>";
		};
		728CE0FF2BAAC9FF00542975 /* Products */ = {
			isa = PBXGroup;
			children = (
				728CE0FE2BAAC9FF00542975 /* BeatMaker.app */,
			);
			name = Products;
			sourceTree = "<group>";
		};
		728CE1002BAAC9FF00542975 /* BeatMaker */ = {
			isa = PBXGroup;
			children = (
				5ECF79F02BB09EE50014896D /* Info.plist */,
				728CE1172BAADA2D00542975 /* Application */,
				728CE1132BAAD9C700542975 /* Presentation */,
				728CE1152BAADA0900542975 /* Core */,
				5ECF79E72BB09BF40014896D /* Assembly */,
				5EE603AB2BB3448500CC7440 /* Router */,
				5ECF79EE2BB09E570014896D /* Providers */,
				5ECF79EF2BB09E630014896D /* DataStorages */,
				5ECF79EB2BB09E160014896D /* DataManagers */,
				5E45CB342BAD06B700E14B41 /* Services */,
				728CE1C12BAD812B00542975 /* Utilities */,
				728CE1242BAADE3300542975 /* Localization */,
				728CE1372BAAF61400542975 /* Sources */,
				728CE1072BAACA0100542975 /* Preview Content */,
			);
			path = BeatMaker;
			sourceTree = "<group>";
		};
		728CE1072BAACA0100542975 /* Preview Content */ = {
			isa = PBXGroup;
			children = (
				728CE1082BAACA0100542975 /* Preview Assets.xcassets */,
			);
			path = "Preview Content";
			sourceTree = "<group>";
		};
		728CE1132BAAD9C700542975 /* Presentation */ = {
			isa = PBXGroup;
			children = (
				63E278282BAD559500BC4E75 /* SoundSettingsGraph */,
				5EF976622BB215770015A54C /* Base */,
				63CD48BD2BB18C210033CF77 /* Main */,
				007AE11C2BB1AC9C00E4367E /* ComponentView */,
				007AE1172BB196A900E4367E /* UsedSoundsList */,
				728CE1142BAAD9EA00542975 /* TrackList */,
				728CE12B2BAAE0D600542975 /* PlayProjectView */,
				728CE11F2BAADD1D00542975 /* TrackEditor */,
				728CE1302BAAE8D600542975 /* SoundList */,
			);
			path = Presentation;
			sourceTree = "<group>";
		};
		728CE1142BAAD9EA00542975 /* TrackList */ = {
			isa = PBXGroup;
			children = (
				728CE1032BAAC9FF00542975 /* TrackListView.swift */,
				728CE1112BAAD98A00542975 /* TrackListViewModel.swift */,
			);
			path = TrackList;
			sourceTree = "<group>";
		};
		728CE1152BAADA0900542975 /* Core */ = {
			isa = PBXGroup;
			children = (
				728CE1162BAADA0E00542975 /* Models */,
			);
			path = Core;
			sourceTree = "<group>";
		};
		728CE1162BAADA0E00542975 /* Models */ = {
			isa = PBXGroup;
			children = (
				728CE10F2BAAD06600542975 /* Project.swift */,
				728CE11D2BAADCCC00542975 /* Sound.swift */,
				5ED47CE22BACEA10008B4D31 /* Track.swift */,
				5ED47CE42BACEA65008B4D31 /* TrackPoint.swift */,
			);
			path = Models;
			sourceTree = "<group>";
		};
		728CE1172BAADA2D00542975 /* Application */ = {
			isa = PBXGroup;
			children = (
				728CE1012BAAC9FF00542975 /* BeatMakerApp.swift */,
			);
			path = Application;
			sourceTree = "<group>";
		};
		728CE11F2BAADD1D00542975 /* TrackEditor */ = {
			isa = PBXGroup;
			children = (
				728CE1202BAADD3000542975 /* TrackEditorView.swift */,
				728CE1222BAADD5B00542975 /* TrackEditorViewModel.swift */,
				007AE1322BB237C800E4367E /* TrackEditorViewModelProtocol.swift */,
			);
			path = TrackEditor;
			sourceTree = "<group>";
		};
		728CE1242BAADE3300542975 /* Localization */ = {
			isa = PBXGroup;
			children = (
				728CE1292BAADEE700542975 /* Localizable.strings */,
			);
			path = Localization;
			sourceTree = "<group>";
		};
		728CE12B2BAAE0D600542975 /* PlayProjectView */ = {
			isa = PBXGroup;
			children = (
				728CE12C2BAAE0E800542975 /* PlayProjectView.swift */,
				728CE12E2BAAE75000542975 /* PlayProjectViewModel.swift */,
			);
			path = PlayProjectView;
			sourceTree = "<group>";
		};
		728CE1302BAAE8D600542975 /* SoundList */ = {
			isa = PBXGroup;
			children = (
				728CE1332BAAE91600542975 /* SoundListView.swift */,
				728CE1312BAAE90D00542975 /* SoundListViewModel.swift */,
				20FEC69B2BADD2930045C1FF /* SoundListViewModelProtocol.swift */,
			);
			path = SoundList;
			sourceTree = "<group>";
		};
		728CE1372BAAF61400542975 /* Sources */ = {
			isa = PBXGroup;
			children = (
				63B8E6932BADC8F9001F3BE2 /* Fonts */,
				728CE1052BAACA0100542975 /* Assets.xcassets */,
			);
			path = Sources;
			sourceTree = "<group>";
		};
		728CE1C12BAD812B00542975 /* Utilities */ = {
			isa = PBXGroup;
			children = (
				728CE1C22BAD812B00542975 /* ImageExtension.swift */,
				728CE1C32BAD812B00542975 /* ColorExtension.swift */,
			);
			path = Utilities;
			sourceTree = "<group>";
		};
/* End PBXGroup section */

/* Begin PBXNativeTarget section */
		728CE0FD2BAAC9FF00542975 /* BeatMaker */ = {
			isa = PBXNativeTarget;
			buildConfigurationList = 728CE10C2BAACA0100542975 /* Build configuration list for PBXNativeTarget "BeatMaker" */;
			buildPhases = (
				728CE0FA2BAAC9FF00542975 /* Sources */,
				728CE0FB2BAAC9FF00542975 /* Frameworks */,
				728CE0FC2BAAC9FF00542975 /* Resources */,
			);
			buildRules = (
			);
			dependencies = (
			);
			name = BeatMaker;
			packageProductDependencies = (
				5EF976502BB0FCB30015A54C /* Realm */,
				5EF976522BB0FCB30015A54C /* RealmSwift */,
			);
			productName = BeatMaker;
			productReference = 728CE0FE2BAAC9FF00542975 /* BeatMaker.app */;
			productType = "com.apple.product-type.application";
		};
/* End PBXNativeTarget section */

/* Begin PBXProject section */
		728CE0F62BAAC9FF00542975 /* Project object */ = {
			isa = PBXProject;
			attributes = {
				BuildIndependentTargetsInParallel = 1;
				LastSwiftUpdateCheck = 1430;
				LastUpgradeCheck = 1430;
				TargetAttributes = {
					728CE0FD2BAAC9FF00542975 = {
						CreatedOnToolsVersion = 14.3;
					};
				};
			};
			buildConfigurationList = 728CE0F92BAAC9FF00542975 /* Build configuration list for PBXProject "BeatMaker" */;
			compatibilityVersion = "Xcode 14.0";
			developmentRegion = en;
			hasScannedForEncodings = 0;
			knownRegions = (
				en,
				Base,
				ru,
			);
			mainGroup = 728CE0F52BAAC9FF00542975;
			packageReferences = (
				5EF9764F2BB0FCB20015A54C /* XCRemoteSwiftPackageReference "realm-swift" */,
			);
			productRefGroup = 728CE0FF2BAAC9FF00542975 /* Products */;
			projectDirPath = "";
			projectRoot = "";
			targets = (
				728CE0FD2BAAC9FF00542975 /* BeatMaker */,
			);
		};
/* End PBXProject section */

/* Begin PBXResourcesBuildPhase section */
		728CE0FC2BAAC9FF00542975 /* Resources */ = {
			isa = PBXResourcesBuildPhase;
			buildActionMask = 2147483647;
			files = (
				63B8E6972BADC916001F3BE2 /* Manrope-Light.ttf in Resources */,
				63B8E6982BADC916001F3BE2 /* Manrope-Bold.ttf in Resources */,
				728CE1092BAACA0100542975 /* Preview Assets.xcassets in Resources */,
				728CE1272BAADEE700542975 /* Localizable.strings in Resources */,
				728CE1062BAACA0100542975 /* Assets.xcassets in Resources */,
			);
			runOnlyForDeploymentPostprocessing = 0;
		};
/* End PBXResourcesBuildPhase section */

/* Begin PBXSourcesBuildPhase section */
		728CE0FA2BAAC9FF00542975 /* Sources */ = {
			isa = PBXSourcesBuildPhase;
			buildActionMask = 2147483647;
			files = (
				5ECAFA512BADA78500FAA2F3 /* TrackPlaybackServiceImp.swift in Sources */,
				20F6F4DE2BB35B3800D0D4DC /* NetworkManagerErrors.swift in Sources */,
				007AE11E2BB1ACB300E4367E /* ButtomSoundView.swift in Sources */,
				728CE12F2BAAE75000542975 /* PlayProjectViewModel.swift in Sources */,
				728CE12D2BAAE0E800542975 /* PlayProjectView.swift in Sources */,
				5ECAFA542BADA78500FAA2F3 /* SamplingService.swift in Sources */,
				728CE1C42BAD812B00542975 /* ImageExtension.swift in Sources */,
				5ECAFA622BADA78500FAA2F3 /* DataStorage.swift in Sources */,
				5ECAFA5A2BADA78500FAA2F3 /* VisualizationService.swift in Sources */,
				5EE603B22BB3448500CC7440 /* Router+EnvironmentValues.swift in Sources */,
				5EF9765D2BB0FD0F0015A54C /* TrackPointObject.swift in Sources */,
				5EAF76282BAEC1F700C4B065 /* ProjectsListProviderImp.swift in Sources */,
				5ECAFA532BADA78500FAA2F3 /* SamplingServiceImp.swift in Sources */,
				5ECAFA612BADA78500FAA2F3 /* ProjectDataStorageImp.swift in Sources */,
				5EF9765B2BB0FD040015A54C /* TrackObject.swift in Sources */,
				63CD48C12BB1B3A40033CF77 /* ProjectRowView.swift in Sources */,
				728CE1342BAAE91600542975 /* SoundListView.swift in Sources */,
				5EF976602BB17E2A0015A54C /* ResultsExtension.swift in Sources */,
				5EE603B12BB3448500CC7440 /* Router.swift in Sources */,
				20F6F4E22BB36E5200D0D4DC /* ImageDataStorageEntity.swift in Sources */,
				5EAF76372BAF0D2700C4B065 /* SoundDataStorage.swift in Sources */,
				5EAF762D2BAEC3CA00C4B065 /* SoundsListProviderImp.swift in Sources */,
				5EAF763A2BAF0F6A00C4B065 /* ProjectDataStorage.swift in Sources */,
				5EAF76302BAF0BED00C4B065 /* DataStorageError.swift in Sources */,
				5EE603B02BB3448500CC7440 /* RootView.swift in Sources */,
				5ECAFA4F2BADA78500FAA2F3 /* SoundPlaybackServiceImp.swift in Sources */,
				5ECF79FA2BB0A08E0014896D /* SoundPlaybackService.swift in Sources */,
				5EAF762B2BAEC22D00C4B065 /* SoundsListProvider.swift in Sources */,
				728CE1042BAAC9FF00542975 /* TrackListView.swift in Sources */,
				5ECAFA642BADDC8E00FAA2F3 /* AudioDataStorageImp.swift in Sources */,
				5EAF76262BAEC0D900C4B065 /* ProjectsListProvider.swift in Sources */,
				5ECF79E92BB09C080014896D /* Assembly.swift in Sources */,
				5EAF761E2BAEBF9700C4B065 /* ProjectProviderImp.swift in Sources */,
				5ECAFA602BADA78500FAA2F3 /* SoundDataStorageImp.swift in Sources */,
				5ECAFA5E2BADA78500FAA2F3 /* RecordingService.swift in Sources */,
				5EAF761B2BAE523100C4B065 /* ProjectProvider.swift in Sources */,
				5EF976572BB0FCEF0015A54C /* ProjectObject.swift in Sources */,
				5ECAFA522BADA78500FAA2F3 /* PlaybackService.swift in Sources */,
				63A4CCDD2BB179DB007E0D73 /* SoundSettingsGraphViewModel.swift in Sources */,
				5ECF79F62BB0A0150014896D /* TrackPlaybackService.swift in Sources */,
				5EF976592BB0FCF90015A54C /* SoundObject.swift in Sources */,
				5EF976662BB216600015A54C /* BaseViewState.swift in Sources */,
				728CE1102BAAD06600542975 /* Project.swift in Sources */,
				5ECAFA5F2BADA78500FAA2F3 /* ImageDataStorageImp.swift in Sources */,
				007AE1332BB237C800E4367E /* TrackEditorViewModelProtocol.swift in Sources */,
				5EE603B32BB3448500CC7440 /* Route.swift in Sources */,
				5ECAFA5D2BADA78500FAA2F3 /* RecordingServiceImp.swift in Sources */,
				5ECAFA582BADA78500FAA2F3 /* NetworkManager.swift in Sources */,
				728CE1022BAAC9FF00542975 /* BeatMakerApp.swift in Sources */,
				728CE1122BAAD98A00542975 /* TrackListViewModel.swift in Sources */,
				007AE1202BB1AD3700E4367E /* TrackView.swift in Sources */,
				007AE11B2BB196D900E4367E /* UsedSoundsListViewModel.swift in Sources */,
				728CE1C52BAD812B00542975 /* ColorExtension.swift in Sources */,
				5ECF79F82BB0A0550014896D /* ProjectPlaybackService.swift in Sources */,
				5ED47CE52BACEA65008B4D31 /* TrackPoint.swift in Sources */,
				728CE11E2BAADCCC00542975 /* Sound.swift in Sources */,
				63CD48BF2BB18C210033CF77 /* MainViewModel.swift in Sources */,
				5ECAFA572BADA78500FAA2F3 /* NetworkManagerImp.swift in Sources */,
				63CD48BE2BB18C210033CF77 /* MainView.swift in Sources */,
				5ECAFA572BADA78500FAA2F3 /* NetworkManagerImp.swift in Sources */,
				5EAF763D2BAF0F9A00C4B065 /* AudioDataStorage.swift in Sources */,
				5EF976642BB215AD0015A54C /* IndicatorViewState.swift in Sources */,
				5EAF76342BAF0CAF00C4B065 /* ImageDataStorage.swift in Sources */,
				728CE1322BAAE90D00542975 /* SoundListViewModel.swift in Sources */,
				007AE1192BB196D200E4367E /* UsedSoundsListView.swift in Sources */,
				20F6F4E42BB3855300D0D4DC /* AudioDataStorageEntity.swift in Sources */,
				5ED47CE32BACEA10008B4D31 /* Track.swift in Sources */,
				728CE1232BAADD5B00542975 /* TrackEditorViewModel.swift in Sources */,
				63E2782A2BAD55CB00BC4E75 /* SoundSettingsGraphView.swift in Sources */,
				728CE1212BAADD3000542975 /* TrackEditorView.swift in Sources */,
				5ECAFA502BADA78500FAA2F3 /* ProjectPlaybackServiceImp.swift in Sources */,
				5ECAFA592BADA78500FAA2F3 /* VisualizationServiceImp.swift in Sources */,
				63B8E6992BADC916001F3BE2 /* CustomFonts.swift in Sources */,
				20FEC69C2BADD2930045C1FF /* SoundListViewModelProtocol.swift in Sources */,
			);
			runOnlyForDeploymentPostprocessing = 0;
		};
/* End PBXSourcesBuildPhase section */

/* Begin PBXVariantGroup section */
		728CE1292BAADEE700542975 /* Localizable.strings */ = {
			isa = PBXVariantGroup;
			children = (
				728CE1282BAADEE700542975 /* en */,
				728CE12A2BAADEEC00542975 /* ru */,
			);
			name = Localizable.strings;
			sourceTree = "<group>";
		};
/* End PBXVariantGroup section */

/* Begin XCBuildConfiguration section */
		728CE10A2BAACA0100542975 /* Debug */ = {
			isa = XCBuildConfiguration;
			buildSettings = {
				ALWAYS_SEARCH_USER_PATHS = NO;
				CLANG_ANALYZER_NONNULL = YES;
				CLANG_ANALYZER_NUMBER_OBJECT_CONVERSION = YES_AGGRESSIVE;
				CLANG_CXX_LANGUAGE_STANDARD = "gnu++20";
				CLANG_ENABLE_MODULES = YES;
				CLANG_ENABLE_OBJC_ARC = YES;
				CLANG_ENABLE_OBJC_WEAK = YES;
				CLANG_WARN_BLOCK_CAPTURE_AUTORELEASING = YES;
				CLANG_WARN_BOOL_CONVERSION = YES;
				CLANG_WARN_COMMA = YES;
				CLANG_WARN_CONSTANT_CONVERSION = YES;
				CLANG_WARN_DEPRECATED_OBJC_IMPLEMENTATIONS = YES;
				CLANG_WARN_DIRECT_OBJC_ISA_USAGE = YES_ERROR;
				CLANG_WARN_DOCUMENTATION_COMMENTS = YES;
				CLANG_WARN_EMPTY_BODY = YES;
				CLANG_WARN_ENUM_CONVERSION = YES;
				CLANG_WARN_INFINITE_RECURSION = YES;
				CLANG_WARN_INT_CONVERSION = YES;
				CLANG_WARN_NON_LITERAL_NULL_CONVERSION = YES;
				CLANG_WARN_OBJC_IMPLICIT_RETAIN_SELF = YES;
				CLANG_WARN_OBJC_LITERAL_CONVERSION = YES;
				CLANG_WARN_OBJC_ROOT_CLASS = YES_ERROR;
				CLANG_WARN_QUOTED_INCLUDE_IN_FRAMEWORK_HEADER = YES;
				CLANG_WARN_RANGE_LOOP_ANALYSIS = YES;
				CLANG_WARN_STRICT_PROTOTYPES = YES;
				CLANG_WARN_SUSPICIOUS_MOVE = YES;
				CLANG_WARN_UNGUARDED_AVAILABILITY = YES_AGGRESSIVE;
				CLANG_WARN_UNREACHABLE_CODE = YES;
				CLANG_WARN__DUPLICATE_METHOD_MATCH = YES;
				COPY_PHASE_STRIP = NO;
				DEBUG_INFORMATION_FORMAT = dwarf;
				ENABLE_STRICT_OBJC_MSGSEND = YES;
				ENABLE_TESTABILITY = YES;
				GCC_C_LANGUAGE_STANDARD = gnu11;
				GCC_DYNAMIC_NO_PIC = NO;
				GCC_NO_COMMON_BLOCKS = YES;
				GCC_OPTIMIZATION_LEVEL = 0;
				GCC_PREPROCESSOR_DEFINITIONS = (
					"DEBUG=1",
					"$(inherited)",
				);
				GCC_WARN_64_TO_32_BIT_CONVERSION = YES;
				GCC_WARN_ABOUT_RETURN_TYPE = YES_ERROR;
				GCC_WARN_UNDECLARED_SELECTOR = YES;
				GCC_WARN_UNINITIALIZED_AUTOS = YES_AGGRESSIVE;
				GCC_WARN_UNUSED_FUNCTION = YES;
				GCC_WARN_UNUSED_VARIABLE = YES;
				IPHONEOS_DEPLOYMENT_TARGET = 16.4;
				MTL_ENABLE_DEBUG_INFO = INCLUDE_SOURCE;
				MTL_FAST_MATH = YES;
				ONLY_ACTIVE_ARCH = YES;
				SDKROOT = iphoneos;
				SWIFT_ACTIVE_COMPILATION_CONDITIONS = DEBUG;
				SWIFT_OPTIMIZATION_LEVEL = "-Onone";
			};
			name = Debug;
		};
		728CE10B2BAACA0100542975 /* Release */ = {
			isa = XCBuildConfiguration;
			buildSettings = {
				ALWAYS_SEARCH_USER_PATHS = NO;
				CLANG_ANALYZER_NONNULL = YES;
				CLANG_ANALYZER_NUMBER_OBJECT_CONVERSION = YES_AGGRESSIVE;
				CLANG_CXX_LANGUAGE_STANDARD = "gnu++20";
				CLANG_ENABLE_MODULES = YES;
				CLANG_ENABLE_OBJC_ARC = YES;
				CLANG_ENABLE_OBJC_WEAK = YES;
				CLANG_WARN_BLOCK_CAPTURE_AUTORELEASING = YES;
				CLANG_WARN_BOOL_CONVERSION = YES;
				CLANG_WARN_COMMA = YES;
				CLANG_WARN_CONSTANT_CONVERSION = YES;
				CLANG_WARN_DEPRECATED_OBJC_IMPLEMENTATIONS = YES;
				CLANG_WARN_DIRECT_OBJC_ISA_USAGE = YES_ERROR;
				CLANG_WARN_DOCUMENTATION_COMMENTS = YES;
				CLANG_WARN_EMPTY_BODY = YES;
				CLANG_WARN_ENUM_CONVERSION = YES;
				CLANG_WARN_INFINITE_RECURSION = YES;
				CLANG_WARN_INT_CONVERSION = YES;
				CLANG_WARN_NON_LITERAL_NULL_CONVERSION = YES;
				CLANG_WARN_OBJC_IMPLICIT_RETAIN_SELF = YES;
				CLANG_WARN_OBJC_LITERAL_CONVERSION = YES;
				CLANG_WARN_OBJC_ROOT_CLASS = YES_ERROR;
				CLANG_WARN_QUOTED_INCLUDE_IN_FRAMEWORK_HEADER = YES;
				CLANG_WARN_RANGE_LOOP_ANALYSIS = YES;
				CLANG_WARN_STRICT_PROTOTYPES = YES;
				CLANG_WARN_SUSPICIOUS_MOVE = YES;
				CLANG_WARN_UNGUARDED_AVAILABILITY = YES_AGGRESSIVE;
				CLANG_WARN_UNREACHABLE_CODE = YES;
				CLANG_WARN__DUPLICATE_METHOD_MATCH = YES;
				COPY_PHASE_STRIP = NO;
				DEBUG_INFORMATION_FORMAT = "dwarf-with-dsym";
				ENABLE_NS_ASSERTIONS = NO;
				ENABLE_STRICT_OBJC_MSGSEND = YES;
				GCC_C_LANGUAGE_STANDARD = gnu11;
				GCC_NO_COMMON_BLOCKS = YES;
				GCC_WARN_64_TO_32_BIT_CONVERSION = YES;
				GCC_WARN_ABOUT_RETURN_TYPE = YES_ERROR;
				GCC_WARN_UNDECLARED_SELECTOR = YES;
				GCC_WARN_UNINITIALIZED_AUTOS = YES_AGGRESSIVE;
				GCC_WARN_UNUSED_FUNCTION = YES;
				GCC_WARN_UNUSED_VARIABLE = YES;
				IPHONEOS_DEPLOYMENT_TARGET = 16.4;
				MTL_ENABLE_DEBUG_INFO = NO;
				MTL_FAST_MATH = YES;
				SDKROOT = iphoneos;
				SWIFT_COMPILATION_MODE = wholemodule;
				SWIFT_OPTIMIZATION_LEVEL = "-O";
				VALIDATE_PRODUCT = YES;
			};
			name = Release;
		};
		728CE10D2BAACA0100542975 /* Debug */ = {
			isa = XCBuildConfiguration;
			buildSettings = {
				ASSETCATALOG_COMPILER_APPICON_NAME = AppIcon;
				ASSETCATALOG_COMPILER_GLOBAL_ACCENT_COLOR_NAME = AccentColor;
				CODE_SIGN_IDENTITY = "Apple Development";
				CODE_SIGN_STYLE = Automatic;
				CURRENT_PROJECT_VERSION = 1;
				DEVELOPMENT_ASSET_PATHS = "\"BeatMaker/Preview Content\"";
				DEVELOPMENT_TEAM = S3KD837NRD;
				ENABLE_PREVIEWS = YES;
				GENERATE_INFOPLIST_FILE = YES;
				INFOPLIST_FILE = BeatMaker/Info.plist;
				INFOPLIST_KEY_UIApplicationSceneManifest_Generation = YES;
				INFOPLIST_KEY_UIApplicationSupportsIndirectInputEvents = YES;
				INFOPLIST_KEY_UILaunchScreen_Generation = YES;
				INFOPLIST_KEY_UISupportedInterfaceOrientations_iPad = "UIInterfaceOrientationPortrait UIInterfaceOrientationPortraitUpsideDown UIInterfaceOrientationLandscapeLeft UIInterfaceOrientationLandscapeRight";
				INFOPLIST_KEY_UISupportedInterfaceOrientations_iPhone = "UIInterfaceOrientationPortrait UIInterfaceOrientationLandscapeLeft UIInterfaceOrientationLandscapeRight";
				IPHONEOS_DEPLOYMENT_TARGET = 17.0;
				LD_RUNPATH_SEARCH_PATHS = (
					"$(inherited)",
					"@executable_path/Frameworks",
				);
				MARKETING_VERSION = 1.0;
				PRODUCT_BUNDLE_IDENTIFIER = com.yakun.BeatMaker;
				PRODUCT_NAME = "$(TARGET_NAME)";
				PROVISIONING_PROFILE_SPECIFIER = "";
				SWIFT_EMIT_LOC_STRINGS = YES;
				SWIFT_VERSION = 5.0;
				TARGETED_DEVICE_FAMILY = "1,2";
			};
			name = Debug;
		};
		728CE10E2BAACA0100542975 /* Release */ = {
			isa = XCBuildConfiguration;
			buildSettings = {
				ASSETCATALOG_COMPILER_APPICON_NAME = AppIcon;
				ASSETCATALOG_COMPILER_GLOBAL_ACCENT_COLOR_NAME = AccentColor;
				CODE_SIGN_IDENTITY = "Apple Development";
				CODE_SIGN_STYLE = Manual;
				CURRENT_PROJECT_VERSION = 1;
				DEVELOPMENT_ASSET_PATHS = "\"BeatMaker/Preview Content\"";
				DEVELOPMENT_TEAM = S3KD837NRD;
				ENABLE_PREVIEWS = YES;
				GENERATE_INFOPLIST_FILE = YES;
				INFOPLIST_FILE = BeatMaker/Info.plist;
				INFOPLIST_KEY_UIApplicationSceneManifest_Generation = YES;
				INFOPLIST_KEY_UIApplicationSupportsIndirectInputEvents = YES;
				INFOPLIST_KEY_UILaunchScreen_Generation = YES;
				INFOPLIST_KEY_UISupportedInterfaceOrientations_iPad = "UIInterfaceOrientationPortrait UIInterfaceOrientationPortraitUpsideDown UIInterfaceOrientationLandscapeLeft UIInterfaceOrientationLandscapeRight";
				INFOPLIST_KEY_UISupportedInterfaceOrientations_iPhone = "UIInterfaceOrientationPortrait UIInterfaceOrientationLandscapeLeft UIInterfaceOrientationLandscapeRight";
				IPHONEOS_DEPLOYMENT_TARGET = 17.0;
				LD_RUNPATH_SEARCH_PATHS = (
					"$(inherited)",
					"@executable_path/Frameworks",
				);
				MARKETING_VERSION = 1.0;
				PRODUCT_BUNDLE_IDENTIFIER = com.yakun.BeatMaker;
				PRODUCT_NAME = "$(TARGET_NAME)";
				PROVISIONING_PROFILE_SPECIFIER = "";
				SWIFT_EMIT_LOC_STRINGS = YES;
				SWIFT_VERSION = 5.0;
				TARGETED_DEVICE_FAMILY = "1,2";
			};
			name = Release;
		};
/* End XCBuildConfiguration section */

/* Begin XCConfigurationList section */
		728CE0F92BAAC9FF00542975 /* Build configuration list for PBXProject "BeatMaker" */ = {
			isa = XCConfigurationList;
			buildConfigurations = (
				728CE10A2BAACA0100542975 /* Debug */,
				728CE10B2BAACA0100542975 /* Release */,
			);
			defaultConfigurationIsVisible = 0;
			defaultConfigurationName = Release;
		};
		728CE10C2BAACA0100542975 /* Build configuration list for PBXNativeTarget "BeatMaker" */ = {
			isa = XCConfigurationList;
			buildConfigurations = (
				728CE10D2BAACA0100542975 /* Debug */,
				728CE10E2BAACA0100542975 /* Release */,
			);
			defaultConfigurationIsVisible = 0;
			defaultConfigurationName = Release;
		};
/* End XCConfigurationList section */

/* Begin XCRemoteSwiftPackageReference section */
		5EF9764F2BB0FCB20015A54C /* XCRemoteSwiftPackageReference "realm-swift" */ = {
			isa = XCRemoteSwiftPackageReference;
			repositoryURL = "https://github.com/realm/realm-swift.git";
			requirement = {
				kind = upToNextMajorVersion;
				minimumVersion = 10.49.1;
			};
		};
/* End XCRemoteSwiftPackageReference section */

/* Begin XCSwiftPackageProductDependency section */
		5EF976502BB0FCB30015A54C /* Realm */ = {
			isa = XCSwiftPackageProductDependency;
			package = 5EF9764F2BB0FCB20015A54C /* XCRemoteSwiftPackageReference "realm-swift" */;
			productName = Realm;
		};
		5EF976522BB0FCB30015A54C /* RealmSwift */ = {
			isa = XCSwiftPackageProductDependency;
			package = 5EF9764F2BB0FCB20015A54C /* XCRemoteSwiftPackageReference "realm-swift" */;
			productName = RealmSwift;
		};
/* End XCSwiftPackageProductDependency section */
	};
	rootObject = 728CE0F62BAAC9FF00542975 /* Project object */;
}
