// !$*UTF8*$!
{
	archiveVersion = 1;
	classes = {
	};
	objectVersion = 56;
	objects = {

/* Begin PBXBuildFile section */
		5ECAFA4F2BADA78500FAA2F3 /* SoundPlaybackService.swift in Sources */ = {isa = PBXBuildFile; fileRef = 5ECAFA2D2BADA78500FAA2F3 /* SoundPlaybackService.swift */; };
		5ECAFA502BADA78500FAA2F3 /* ProjectPlaybackService.swift in Sources */ = {isa = PBXBuildFile; fileRef = 5ECAFA2E2BADA78500FAA2F3 /* ProjectPlaybackService.swift */; };
		5ECAFA512BADA78500FAA2F3 /* TrackPlaybackService.swift in Sources */ = {isa = PBXBuildFile; fileRef = 5ECAFA2F2BADA78500FAA2F3 /* TrackPlaybackService.swift */; };
		5ECAFA522BADA78500FAA2F3 /* PlaybackService.swift in Sources */ = {isa = PBXBuildFile; fileRef = 5ECAFA312BADA78500FAA2F3 /* PlaybackService.swift */; };
		5ECAFA532BADA78500FAA2F3 /* SamplingServiceImp.swift in Sources */ = {isa = PBXBuildFile; fileRef = 5ECAFA332BADA78500FAA2F3 /* SamplingServiceImp.swift */; };
		5ECAFA542BADA78500FAA2F3 /* SamplingService.swift in Sources */ = {isa = PBXBuildFile; fileRef = 5ECAFA352BADA78500FAA2F3 /* SamplingService.swift */; };
		5ECAFA552BADA78500FAA2F3 /* ProjectManagerImp.swift in Sources */ = {isa = PBXBuildFile; fileRef = 5ECAFA372BADA78500FAA2F3 /* ProjectManagerImp.swift */; };
		5ECAFA562BADA78500FAA2F3 /* ProjectManager.swift in Sources */ = {isa = PBXBuildFile; fileRef = 5ECAFA392BADA78500FAA2F3 /* ProjectManager.swift */; };
		5ECAFA572BADA78500FAA2F3 /* NetworkManagerImp.swift in Sources */ = {isa = PBXBuildFile; fileRef = 5ECAFA3B2BADA78500FAA2F3 /* NetworkManagerImp.swift */; };
		5ECAFA582BADA78500FAA2F3 /* NetworkManager.swift in Sources */ = {isa = PBXBuildFile; fileRef = 5ECAFA3D2BADA78500FAA2F3 /* NetworkManager.swift */; };
		5ECAFA592BADA78500FAA2F3 /* VisualizationServiceImp.swift in Sources */ = {isa = PBXBuildFile; fileRef = 5ECAFA3F2BADA78500FAA2F3 /* VisualizationServiceImp.swift */; };
		5ECAFA5A2BADA78500FAA2F3 /* VisualizationService.swift in Sources */ = {isa = PBXBuildFile; fileRef = 5ECAFA412BADA78500FAA2F3 /* VisualizationService.swift */; };
		5ECAFA5B2BADA78500FAA2F3 /* RealmDataStorageService.swift in Sources */ = {isa = PBXBuildFile; fileRef = 5ECAFA432BADA78500FAA2F3 /* RealmDataStorageService.swift */; };
		5ECAFA5C2BADA78500FAA2F3 /* FileDataStorageService.swift in Sources */ = {isa = PBXBuildFile; fileRef = 5ECAFA442BADA78500FAA2F3 /* FileDataStorageService.swift */; };
		5ECAFA5D2BADA78500FAA2F3 /* RecordingServiceImp.swift in Sources */ = {isa = PBXBuildFile; fileRef = 5ECAFA462BADA78500FAA2F3 /* RecordingServiceImp.swift */; };
		5ECAFA5E2BADA78500FAA2F3 /* RecordingService.swift in Sources */ = {isa = PBXBuildFile; fileRef = 5ECAFA482BADA78500FAA2F3 /* RecordingService.swift */; };
		5ECAFA5F2BADA78500FAA2F3 /* ImageDataStorage.swift in Sources */ = {isa = PBXBuildFile; fileRef = 5ECAFA4A2BADA78500FAA2F3 /* ImageDataStorage.swift */; };
		5ECAFA602BADA78500FAA2F3 /* SoundDataStorage.swift in Sources */ = {isa = PBXBuildFile; fileRef = 5ECAFA4B2BADA78500FAA2F3 /* SoundDataStorage.swift */; };
		5ECAFA612BADA78500FAA2F3 /* ProjectDataStorage.swift in Sources */ = {isa = PBXBuildFile; fileRef = 5ECAFA4C2BADA78500FAA2F3 /* ProjectDataStorage.swift */; };
		5ECAFA622BADA78500FAA2F3 /* DataStorage.swift in Sources */ = {isa = PBXBuildFile; fileRef = 5ECAFA4E2BADA78500FAA2F3 /* DataStorage.swift */; };
		5ED47CE32BACEA10008B4D31 /* Track.swift in Sources */ = {isa = PBXBuildFile; fileRef = 5ED47CE22BACEA10008B4D31 /* Track.swift */; };
		5ED47CE52BACEA65008B4D31 /* TrackPoint.swift in Sources */ = {isa = PBXBuildFile; fileRef = 5ED47CE42BACEA65008B4D31 /* TrackPoint.swift */; };
		728CE1022BAAC9FF00542975 /* BeatMakerApp.swift in Sources */ = {isa = PBXBuildFile; fileRef = 728CE1012BAAC9FF00542975 /* BeatMakerApp.swift */; };
		728CE1042BAAC9FF00542975 /* TrackListView.swift in Sources */ = {isa = PBXBuildFile; fileRef = 728CE1032BAAC9FF00542975 /* TrackListView.swift */; };
		728CE1062BAACA0100542975 /* Assets.xcassets in Resources */ = {isa = PBXBuildFile; fileRef = 728CE1052BAACA0100542975 /* Assets.xcassets */; };
		728CE1092BAACA0100542975 /* Preview Assets.xcassets in Resources */ = {isa = PBXBuildFile; fileRef = 728CE1082BAACA0100542975 /* Preview Assets.xcassets */; };
		728CE1102BAAD06600542975 /* Project.swift in Sources */ = {isa = PBXBuildFile; fileRef = 728CE10F2BAAD06600542975 /* Project.swift */; };
		728CE1122BAAD98A00542975 /* TrackListViewModel.swift in Sources */ = {isa = PBXBuildFile; fileRef = 728CE1112BAAD98A00542975 /* TrackListViewModel.swift */; };
		728CE11E2BAADCCC00542975 /* Sound.swift in Sources */ = {isa = PBXBuildFile; fileRef = 728CE11D2BAADCCC00542975 /* Sound.swift */; };
		728CE1212BAADD3000542975 /* TrackEditorView.swift in Sources */ = {isa = PBXBuildFile; fileRef = 728CE1202BAADD3000542975 /* TrackEditorView.swift */; };
		728CE1232BAADD5B00542975 /* TrackEditorViewModel.swift in Sources */ = {isa = PBXBuildFile; fileRef = 728CE1222BAADD5B00542975 /* TrackEditorViewModel.swift */; };
		728CE1272BAADEE700542975 /* Localizable.strings in Resources */ = {isa = PBXBuildFile; fileRef = 728CE1292BAADEE700542975 /* Localizable.strings */; };
		728CE12D2BAAE0E800542975 /* PlayTrackView.swift in Sources */ = {isa = PBXBuildFile; fileRef = 728CE12C2BAAE0E800542975 /* PlayTrackView.swift */; };
		728CE12F2BAAE75000542975 /* PlayTrackViewModel.swift in Sources */ = {isa = PBXBuildFile; fileRef = 728CE12E2BAAE75000542975 /* PlayTrackViewModel.swift */; };
		728CE1322BAAE90D00542975 /* SoundListViewModel.swift in Sources */ = {isa = PBXBuildFile; fileRef = 728CE1312BAAE90D00542975 /* SoundListViewModel.swift */; };
		728CE1342BAAE91600542975 /* SoundListView.swift in Sources */ = {isa = PBXBuildFile; fileRef = 728CE1332BAAE91600542975 /* SoundListView.swift */; };
		728CE1C42BAD812B00542975 /* ImageExtension.swift in Sources */ = {isa = PBXBuildFile; fileRef = 728CE1C22BAD812B00542975 /* ImageExtension.swift */; };
		728CE1C52BAD812B00542975 /* ColorExtension.swift in Sources */ = {isa = PBXBuildFile; fileRef = 728CE1C32BAD812B00542975 /* ColorExtension.swift */; };
/* End PBXBuildFile section */

/* Begin PBXFileReference section */
		5ECAFA2D2BADA78500FAA2F3 /* SoundPlaybackService.swift */ = {isa = PBXFileReference; fileEncoding = 4; lastKnownFileType = sourcecode.swift; path = SoundPlaybackService.swift; sourceTree = "<group>"; };
		5ECAFA2E2BADA78500FAA2F3 /* ProjectPlaybackService.swift */ = {isa = PBXFileReference; fileEncoding = 4; lastKnownFileType = sourcecode.swift; path = ProjectPlaybackService.swift; sourceTree = "<group>"; };
		5ECAFA2F2BADA78500FAA2F3 /* TrackPlaybackService.swift */ = {isa = PBXFileReference; fileEncoding = 4; lastKnownFileType = sourcecode.swift; path = TrackPlaybackService.swift; sourceTree = "<group>"; };
		5ECAFA312BADA78500FAA2F3 /* PlaybackService.swift */ = {isa = PBXFileReference; fileEncoding = 4; lastKnownFileType = sourcecode.swift; path = PlaybackService.swift; sourceTree = "<group>"; };
		5ECAFA332BADA78500FAA2F3 /* SamplingServiceImp.swift */ = {isa = PBXFileReference; fileEncoding = 4; lastKnownFileType = sourcecode.swift; path = SamplingServiceImp.swift; sourceTree = "<group>"; };
		5ECAFA352BADA78500FAA2F3 /* SamplingService.swift */ = {isa = PBXFileReference; fileEncoding = 4; lastKnownFileType = sourcecode.swift; path = SamplingService.swift; sourceTree = "<group>"; };
		5ECAFA372BADA78500FAA2F3 /* ProjectManagerImp.swift */ = {isa = PBXFileReference; fileEncoding = 4; lastKnownFileType = sourcecode.swift; path = ProjectManagerImp.swift; sourceTree = "<group>"; };
		5ECAFA392BADA78500FAA2F3 /* ProjectManager.swift */ = {isa = PBXFileReference; fileEncoding = 4; lastKnownFileType = sourcecode.swift; path = ProjectManager.swift; sourceTree = "<group>"; };
		5ECAFA3B2BADA78500FAA2F3 /* NetworkManagerImp.swift */ = {isa = PBXFileReference; fileEncoding = 4; lastKnownFileType = sourcecode.swift; path = NetworkManagerImp.swift; sourceTree = "<group>"; };
		5ECAFA3D2BADA78500FAA2F3 /* NetworkManager.swift */ = {isa = PBXFileReference; fileEncoding = 4; lastKnownFileType = sourcecode.swift; path = NetworkManager.swift; sourceTree = "<group>"; };
		5ECAFA3F2BADA78500FAA2F3 /* VisualizationServiceImp.swift */ = {isa = PBXFileReference; fileEncoding = 4; lastKnownFileType = sourcecode.swift; path = VisualizationServiceImp.swift; sourceTree = "<group>"; };
		5ECAFA412BADA78500FAA2F3 /* VisualizationService.swift */ = {isa = PBXFileReference; fileEncoding = 4; lastKnownFileType = sourcecode.swift; path = VisualizationService.swift; sourceTree = "<group>"; };
		5ECAFA432BADA78500FAA2F3 /* RealmDataStorageService.swift */ = {isa = PBXFileReference; fileEncoding = 4; lastKnownFileType = sourcecode.swift; path = RealmDataStorageService.swift; sourceTree = "<group>"; };
		5ECAFA442BADA78500FAA2F3 /* FileDataStorageService.swift */ = {isa = PBXFileReference; fileEncoding = 4; lastKnownFileType = sourcecode.swift; path = FileDataStorageService.swift; sourceTree = "<group>"; };
		5ECAFA462BADA78500FAA2F3 /* RecordingServiceImp.swift */ = {isa = PBXFileReference; fileEncoding = 4; lastKnownFileType = sourcecode.swift; path = RecordingServiceImp.swift; sourceTree = "<group>"; };
		5ECAFA482BADA78500FAA2F3 /* RecordingService.swift */ = {isa = PBXFileReference; fileEncoding = 4; lastKnownFileType = sourcecode.swift; path = RecordingService.swift; sourceTree = "<group>"; };
		5ECAFA4A2BADA78500FAA2F3 /* ImageDataStorage.swift */ = {isa = PBXFileReference; fileEncoding = 4; lastKnownFileType = sourcecode.swift; path = ImageDataStorage.swift; sourceTree = "<group>"; };
		5ECAFA4B2BADA78500FAA2F3 /* SoundDataStorage.swift */ = {isa = PBXFileReference; fileEncoding = 4; lastKnownFileType = sourcecode.swift; path = SoundDataStorage.swift; sourceTree = "<group>"; };
		5ECAFA4C2BADA78500FAA2F3 /* ProjectDataStorage.swift */ = {isa = PBXFileReference; fileEncoding = 4; lastKnownFileType = sourcecode.swift; path = ProjectDataStorage.swift; sourceTree = "<group>"; };
		5ECAFA4E2BADA78500FAA2F3 /* DataStorage.swift */ = {isa = PBXFileReference; fileEncoding = 4; lastKnownFileType = sourcecode.swift; path = DataStorage.swift; sourceTree = "<group>"; };
		5ED47CE22BACEA10008B4D31 /* Track.swift */ = {isa = PBXFileReference; lastKnownFileType = sourcecode.swift; path = Track.swift; sourceTree = "<group>"; };
		5ED47CE42BACEA65008B4D31 /* TrackPoint.swift */ = {isa = PBXFileReference; lastKnownFileType = sourcecode.swift; path = TrackPoint.swift; sourceTree = "<group>"; };
		728CE0FE2BAAC9FF00542975 /* BeatMaker.app */ = {isa = PBXFileReference; explicitFileType = wrapper.application; includeInIndex = 0; path = BeatMaker.app; sourceTree = BUILT_PRODUCTS_DIR; };
		728CE1012BAAC9FF00542975 /* BeatMakerApp.swift */ = {isa = PBXFileReference; lastKnownFileType = sourcecode.swift; path = BeatMakerApp.swift; sourceTree = "<group>"; };
		728CE1032BAAC9FF00542975 /* TrackListView.swift */ = {isa = PBXFileReference; lastKnownFileType = sourcecode.swift; path = TrackListView.swift; sourceTree = "<group>"; };
		728CE1052BAACA0100542975 /* Assets.xcassets */ = {isa = PBXFileReference; lastKnownFileType = folder.assetcatalog; path = Assets.xcassets; sourceTree = "<group>"; };
		728CE1082BAACA0100542975 /* Preview Assets.xcassets */ = {isa = PBXFileReference; lastKnownFileType = folder.assetcatalog; path = "Preview Assets.xcassets"; sourceTree = "<group>"; };
		728CE10F2BAAD06600542975 /* Project.swift */ = {isa = PBXFileReference; lastKnownFileType = sourcecode.swift; path = Project.swift; sourceTree = "<group>"; };
		728CE1112BAAD98A00542975 /* TrackListViewModel.swift */ = {isa = PBXFileReference; lastKnownFileType = sourcecode.swift; path = TrackListViewModel.swift; sourceTree = "<group>"; };
		728CE11D2BAADCCC00542975 /* Sound.swift */ = {isa = PBXFileReference; lastKnownFileType = sourcecode.swift; path = Sound.swift; sourceTree = "<group>"; };
		728CE1202BAADD3000542975 /* TrackEditorView.swift */ = {isa = PBXFileReference; lastKnownFileType = sourcecode.swift; path = TrackEditorView.swift; sourceTree = "<group>"; };
		728CE1222BAADD5B00542975 /* TrackEditorViewModel.swift */ = {isa = PBXFileReference; lastKnownFileType = sourcecode.swift; path = TrackEditorViewModel.swift; sourceTree = "<group>"; };
		728CE1282BAADEE700542975 /* en */ = {isa = PBXFileReference; lastKnownFileType = text.plist.strings; name = en; path = en.lproj/Localizable.strings; sourceTree = "<group>"; };
		728CE12A2BAADEEC00542975 /* ru */ = {isa = PBXFileReference; lastKnownFileType = text.plist.strings; name = ru; path = ru.lproj/Localizable.strings; sourceTree = "<group>"; };
		728CE12C2BAAE0E800542975 /* PlayTrackView.swift */ = {isa = PBXFileReference; lastKnownFileType = sourcecode.swift; path = PlayTrackView.swift; sourceTree = "<group>"; };
		728CE12E2BAAE75000542975 /* PlayTrackViewModel.swift */ = {isa = PBXFileReference; lastKnownFileType = sourcecode.swift; path = PlayTrackViewModel.swift; sourceTree = "<group>"; };
		728CE1312BAAE90D00542975 /* SoundListViewModel.swift */ = {isa = PBXFileReference; lastKnownFileType = sourcecode.swift; path = SoundListViewModel.swift; sourceTree = "<group>"; };
		728CE1332BAAE91600542975 /* SoundListView.swift */ = {isa = PBXFileReference; lastKnownFileType = sourcecode.swift; path = SoundListView.swift; sourceTree = "<group>"; };
		728CE1C22BAD812B00542975 /* ImageExtension.swift */ = {isa = PBXFileReference; fileEncoding = 4; lastKnownFileType = sourcecode.swift; path = ImageExtension.swift; sourceTree = "<group>"; };
		728CE1C32BAD812B00542975 /* ColorExtension.swift */ = {isa = PBXFileReference; fileEncoding = 4; lastKnownFileType = sourcecode.swift; path = ColorExtension.swift; sourceTree = "<group>"; };
/* End PBXFileReference section */

/* Begin PBXFrameworksBuildPhase section */
		728CE0FB2BAAC9FF00542975 /* Frameworks */ = {
			isa = PBXFrameworksBuildPhase;
			buildActionMask = 2147483647;
			files = (
			);
			runOnlyForDeploymentPostprocessing = 0;
		};
/* End PBXFrameworksBuildPhase section */

/* Begin PBXGroup section */
		5E45CB342BAD06B700E14B41 /* Services */ = {
			isa = PBXGroup;
			children = (
				5ECAFA492BADA78500FAA2F3 /* DataStorage */,
				5ECAFA422BADA78500FAA2F3 /* DataStorageService */,
				5ECAFA3A2BADA78500FAA2F3 /* NetworkManager */,
				5ECAFA2C2BADA78500FAA2F3 /* PlaybackService */,
				5ECAFA362BADA78500FAA2F3 /* ProjectManager */,
				5ECAFA452BADA78500FAA2F3 /* RecordingService */,
				5ECAFA322BADA78500FAA2F3 /* SamplingService */,
				5ECAFA3E2BADA78500FAA2F3 /* VisualizationService */,
			);
			path = Services;
			sourceTree = "<group>";
		};
		5ECAFA2C2BADA78500FAA2F3 /* PlaybackService */ = {
			isa = PBXGroup;
			children = (
				5ECAFA2D2BADA78500FAA2F3 /* SoundPlaybackService.swift */,
				5ECAFA2E2BADA78500FAA2F3 /* ProjectPlaybackService.swift */,
				5ECAFA2F2BADA78500FAA2F3 /* TrackPlaybackService.swift */,
				5ECAFA302BADA78500FAA2F3 /* Protocols */,
			);
			path = PlaybackService;
			sourceTree = "<group>";
		};
		5ECAFA302BADA78500FAA2F3 /* Protocols */ = {
			isa = PBXGroup;
			children = (
				5ECAFA312BADA78500FAA2F3 /* PlaybackService.swift */,
			);
			path = Protocols;
			sourceTree = "<group>";
		};
		5ECAFA322BADA78500FAA2F3 /* SamplingService */ = {
			isa = PBXGroup;
			children = (
				5ECAFA332BADA78500FAA2F3 /* SamplingServiceImp.swift */,
				5ECAFA342BADA78500FAA2F3 /* Protocols */,
			);
			path = SamplingService;
			sourceTree = "<group>";
		};
		5ECAFA342BADA78500FAA2F3 /* Protocols */ = {
			isa = PBXGroup;
			children = (
				5ECAFA352BADA78500FAA2F3 /* SamplingService.swift */,
			);
			path = Protocols;
			sourceTree = "<group>";
		};
		5ECAFA362BADA78500FAA2F3 /* ProjectManager */ = {
			isa = PBXGroup;
			children = (
				5ECAFA372BADA78500FAA2F3 /* ProjectManagerImp.swift */,
				5ECAFA382BADA78500FAA2F3 /* Protocols */,
			);
			path = ProjectManager;
			sourceTree = "<group>";
		};
		5ECAFA382BADA78500FAA2F3 /* Protocols */ = {
			isa = PBXGroup;
			children = (
				5ECAFA392BADA78500FAA2F3 /* ProjectManager.swift */,
			);
			path = Protocols;
			sourceTree = "<group>";
		};
		5ECAFA3A2BADA78500FAA2F3 /* NetworkManager */ = {
			isa = PBXGroup;
			children = (
				5ECAFA3B2BADA78500FAA2F3 /* NetworkManagerImp.swift */,
				5ECAFA3C2BADA78500FAA2F3 /* Protocols */,
			);
			path = NetworkManager;
			sourceTree = "<group>";
		};
		5ECAFA3C2BADA78500FAA2F3 /* Protocols */ = {
			isa = PBXGroup;
			children = (
				5ECAFA3D2BADA78500FAA2F3 /* NetworkManager.swift */,
			);
			path = Protocols;
			sourceTree = "<group>";
		};
		5ECAFA3E2BADA78500FAA2F3 /* VisualizationService */ = {
			isa = PBXGroup;
			children = (
				5ECAFA3F2BADA78500FAA2F3 /* VisualizationServiceImp.swift */,
				5ECAFA402BADA78500FAA2F3 /* Protocols */,
			);
			path = VisualizationService;
			sourceTree = "<group>";
		};
		5ECAFA402BADA78500FAA2F3 /* Protocols */ = {
			isa = PBXGroup;
			children = (
				5ECAFA412BADA78500FAA2F3 /* VisualizationService.swift */,
			);
			path = Protocols;
			sourceTree = "<group>";
		};
		5ECAFA422BADA78500FAA2F3 /* DataStorageService */ = {
			isa = PBXGroup;
			children = (
				5ECAFA432BADA78500FAA2F3 /* RealmDataStorageService.swift */,
				5ECAFA442BADA78500FAA2F3 /* FileDataStorageService.swift */,
			);
			path = DataStorageService;
			sourceTree = "<group>";
		};
		5ECAFA452BADA78500FAA2F3 /* RecordingService */ = {
			isa = PBXGroup;
			children = (
				5ECAFA462BADA78500FAA2F3 /* RecordingServiceImp.swift */,
				5ECAFA472BADA78500FAA2F3 /* Protocols */,
			);
			path = RecordingService;
			sourceTree = "<group>";
		};
		5ECAFA472BADA78500FAA2F3 /* Protocols */ = {
			isa = PBXGroup;
			children = (
				5ECAFA482BADA78500FAA2F3 /* RecordingService.swift */,
			);
			path = Protocols;
			sourceTree = "<group>";
		};
		5ECAFA492BADA78500FAA2F3 /* DataStorage */ = {
			isa = PBXGroup;
			children = (
				5ECAFA4A2BADA78500FAA2F3 /* ImageDataStorage.swift */,
				5ECAFA4B2BADA78500FAA2F3 /* SoundDataStorage.swift */,
				5ECAFA4C2BADA78500FAA2F3 /* ProjectDataStorage.swift */,
				5ECAFA4D2BADA78500FAA2F3 /* Protocols */,
			);
			path = DataStorage;
			sourceTree = "<group>";
		};
		5ECAFA4D2BADA78500FAA2F3 /* Protocols */ = {
			isa = PBXGroup;
			children = (
				5ECAFA4E2BADA78500FAA2F3 /* DataStorage.swift */,
			);
			path = Protocols;
			sourceTree = "<group>";
		};
		728CE0F52BAAC9FF00542975 = {
			isa = PBXGroup;
			children = (
				728CE1002BAAC9FF00542975 /* BeatMaker */,
				728CE0FF2BAAC9FF00542975 /* Products */,
			);
			sourceTree = "<group>";
		};
		728CE0FF2BAAC9FF00542975 /* Products */ = {
			isa = PBXGroup;
			children = (
				728CE0FE2BAAC9FF00542975 /* BeatMaker.app */,
			);
			name = Products;
			sourceTree = "<group>";
		};
		728CE1002BAAC9FF00542975 /* BeatMaker */ = {
			isa = PBXGroup;
			children = (
				728CE1C12BAD812B00542975 /* Utilities */,
				728CE1172BAADA2D00542975 /* Application */,
				5E45CB342BAD06B700E14B41 /* Services */,
				728CE1152BAADA0900542975 /* Core */,
				728CE1132BAAD9C700542975 /* Presentation */,
				728CE1242BAADE3300542975 /* Localization */,
				728CE1372BAAF61400542975 /* Sources */,
				728CE1072BAACA0100542975 /* Preview Content */,
			);
			path = BeatMaker;
			sourceTree = "<group>";
		};
		728CE1072BAACA0100542975 /* Preview Content */ = {
			isa = PBXGroup;
			children = (
				728CE1082BAACA0100542975 /* Preview Assets.xcassets */,
			);
			path = "Preview Content";
			sourceTree = "<group>";
		};
		728CE1132BAAD9C700542975 /* Presentation */ = {
			isa = PBXGroup;
			children = (
				728CE1142BAAD9EA00542975 /* TrackList */,
				728CE12B2BAAE0D600542975 /* PlayTrack */,
				728CE11F2BAADD1D00542975 /* TrackEditor */,
				728CE1302BAAE8D600542975 /* SoundList */,
			);
			path = Presentation;
			sourceTree = "<group>";
		};
		728CE1142BAAD9EA00542975 /* TrackList */ = {
			isa = PBXGroup;
			children = (
				728CE1032BAAC9FF00542975 /* TrackListView.swift */,
				728CE1112BAAD98A00542975 /* TrackListViewModel.swift */,
			);
			path = TrackList;
			sourceTree = "<group>";
		};
		728CE1152BAADA0900542975 /* Core */ = {
			isa = PBXGroup;
			children = (
				728CE1162BAADA0E00542975 /* Models */,
			);
			path = Core;
			sourceTree = "<group>";
		};
		728CE1162BAADA0E00542975 /* Models */ = {
			isa = PBXGroup;
			children = (
				728CE10F2BAAD06600542975 /* Project.swift */,
				728CE11D2BAADCCC00542975 /* Sound.swift */,
				5ED47CE22BACEA10008B4D31 /* Track.swift */,
				5ED47CE42BACEA65008B4D31 /* TrackPoint.swift */,
			);
			path = Models;
			sourceTree = "<group>";
		};
		728CE1172BAADA2D00542975 /* Application */ = {
			isa = PBXGroup;
			children = (
				728CE1012BAAC9FF00542975 /* BeatMakerApp.swift */,
			);
			path = Application;
			sourceTree = "<group>";
		};
		728CE11F2BAADD1D00542975 /* TrackEditor */ = {
			isa = PBXGroup;
			children = (
				728CE1202BAADD3000542975 /* TrackEditorView.swift */,
				728CE1222BAADD5B00542975 /* TrackEditorViewModel.swift */,
			);
			path = TrackEditor;
			sourceTree = "<group>";
		};
		728CE1242BAADE3300542975 /* Localization */ = {
			isa = PBXGroup;
			children = (
				728CE1292BAADEE700542975 /* Localizable.strings */,
			);
			path = Localization;
			sourceTree = "<group>";
		};
		728CE12B2BAAE0D600542975 /* PlayTrack */ = {
			isa = PBXGroup;
			children = (
				728CE12C2BAAE0E800542975 /* PlayTrackView.swift */,
				728CE12E2BAAE75000542975 /* PlayTrackViewModel.swift */,
			);
			path = PlayTrack;
			sourceTree = "<group>";
		};
		728CE1302BAAE8D600542975 /* SoundList */ = {
			isa = PBXGroup;
			children = (
				728CE1332BAAE91600542975 /* SoundListView.swift */,
				728CE1312BAAE90D00542975 /* SoundListViewModel.swift */,
			);
			path = SoundList;
			sourceTree = "<group>";
		};
		728CE1372BAAF61400542975 /* Sources */ = {
			isa = PBXGroup;
			children = (
				728CE1382BAAF62600542975 /* Fonts */,
				728CE1392BAAF63A00542975 /* Files */,
				728CE1052BAACA0100542975 /* Assets.xcassets */,
			);
			path = Sources;
			sourceTree = "<group>";
		};
		728CE1382BAAF62600542975 /* Fonts */ = {
			isa = PBXGroup;
			children = (
			);
			path = Fonts;
			sourceTree = "<group>";
		};
		728CE1392BAAF63A00542975 /* Files */ = {
			isa = PBXGroup;
			children = (
			);
			path = Files;
			sourceTree = "<group>";
		};
		728CE1C12BAD812B00542975 /* Utilities */ = {
			isa = PBXGroup;
			children = (
				728CE1C22BAD812B00542975 /* ImageExtension.swift */,
				728CE1C32BAD812B00542975 /* ColorExtension.swift */,
			);
			path = Utilities;
			sourceTree = "<group>";
		};
/* End PBXGroup section */

/* Begin PBXNativeTarget section */
		728CE0FD2BAAC9FF00542975 /* BeatMaker */ = {
			isa = PBXNativeTarget;
			buildConfigurationList = 728CE10C2BAACA0100542975 /* Build configuration list for PBXNativeTarget "BeatMaker" */;
			buildPhases = (
				728CE0FA2BAAC9FF00542975 /* Sources */,
				728CE0FB2BAAC9FF00542975 /* Frameworks */,
				728CE0FC2BAAC9FF00542975 /* Resources */,
			);
			buildRules = (
			);
			dependencies = (
			);
			name = BeatMaker;
			productName = BeatMaker;
			productReference = 728CE0FE2BAAC9FF00542975 /* BeatMaker.app */;
			productType = "com.apple.product-type.application";
		};
/* End PBXNativeTarget section */

/* Begin PBXProject section */
		728CE0F62BAAC9FF00542975 /* Project object */ = {
			isa = PBXProject;
			attributes = {
				BuildIndependentTargetsInParallel = 1;
				LastSwiftUpdateCheck = 1430;
				LastUpgradeCheck = 1430;
				TargetAttributes = {
					728CE0FD2BAAC9FF00542975 = {
						CreatedOnToolsVersion = 14.3;
					};
				};
			};
			buildConfigurationList = 728CE0F92BAAC9FF00542975 /* Build configuration list for PBXProject "BeatMaker" */;
			compatibilityVersion = "Xcode 14.0";
			developmentRegion = en;
			hasScannedForEncodings = 0;
			knownRegions = (
				en,
				Base,
				ru,
			);
			mainGroup = 728CE0F52BAAC9FF00542975;
			productRefGroup = 728CE0FF2BAAC9FF00542975 /* Products */;
			projectDirPath = "";
			projectRoot = "";
			targets = (
				728CE0FD2BAAC9FF00542975 /* BeatMaker */,
			);
		};
/* End PBXProject section */

/* Begin PBXResourcesBuildPhase section */
		728CE0FC2BAAC9FF00542975 /* Resources */ = {
			isa = PBXResourcesBuildPhase;
			buildActionMask = 2147483647;
			files = (
				728CE1092BAACA0100542975 /* Preview Assets.xcassets in Resources */,
				728CE1272BAADEE700542975 /* Localizable.strings in Resources */,
				728CE1062BAACA0100542975 /* Assets.xcassets in Resources */,
			);
			runOnlyForDeploymentPostprocessing = 0;
		};
/* End PBXResourcesBuildPhase section */

/* Begin PBXSourcesBuildPhase section */
		728CE0FA2BAAC9FF00542975 /* Sources */ = {
			isa = PBXSourcesBuildPhase;
			buildActionMask = 2147483647;
			files = (
				5ECAFA512BADA78500FAA2F3 /* TrackPlaybackService.swift in Sources */,
				5ECAFA5B2BADA78500FAA2F3 /* RealmDataStorageService.swift in Sources */,
				728CE12F2BAAE75000542975 /* PlayTrackViewModel.swift in Sources */,
				728CE12D2BAAE0E800542975 /* PlayTrackView.swift in Sources */,
				5ECAFA542BADA78500FAA2F3 /* SamplingService.swift in Sources */,
				728CE1C42BAD812B00542975 /* ImageExtension.swift in Sources */,
				5ECAFA622BADA78500FAA2F3 /* DataStorage.swift in Sources */,
				5ECAFA5A2BADA78500FAA2F3 /* VisualizationService.swift in Sources */,
				5ECAFA532BADA78500FAA2F3 /* SamplingServiceImp.swift in Sources */,
				5ECAFA612BADA78500FAA2F3 /* ProjectDataStorage.swift in Sources */,
				728CE1342BAAE91600542975 /* SoundListView.swift in Sources */,
				5ECAFA4F2BADA78500FAA2F3 /* SoundPlaybackService.swift in Sources */,
				728CE1042BAAC9FF00542975 /* TrackListView.swift in Sources */,
				5ECAFA602BADA78500FAA2F3 /* SoundDataStorage.swift in Sources */,
				5ECAFA562BADA78500FAA2F3 /* ProjectManager.swift in Sources */,
				5ECAFA5C2BADA78500FAA2F3 /* FileDataStorageService.swift in Sources */,
				5ECAFA552BADA78500FAA2F3 /* ProjectManagerImp.swift in Sources */,
				5ECAFA5E2BADA78500FAA2F3 /* RecordingService.swift in Sources */,
				5ECAFA522BADA78500FAA2F3 /* PlaybackService.swift in Sources */,
				728CE1102BAAD06600542975 /* Project.swift in Sources */,
				5ECAFA5F2BADA78500FAA2F3 /* ImageDataStorage.swift in Sources */,
				5ECAFA5D2BADA78500FAA2F3 /* RecordingServiceImp.swift in Sources */,
				5ECAFA582BADA78500FAA2F3 /* NetworkManager.swift in Sources */,
				728CE1022BAAC9FF00542975 /* BeatMakerApp.swift in Sources */,
				728CE1122BAAD98A00542975 /* TrackListViewModel.swift in Sources */,
				728CE1C52BAD812B00542975 /* ColorExtension.swift in Sources */,
				5ED47CE52BACEA65008B4D31 /* TrackPoint.swift in Sources */,
				728CE11E2BAADCCC00542975 /* Sound.swift in Sources */,
				5ECAFA572BADA78500FAA2F3 /* NetworkManagerImp.swift in Sources */,
				728CE1322BAAE90D00542975 /* SoundListViewModel.swift in Sources */,
				5ED47CE32BACEA10008B4D31 /* Track.swift in Sources */,
				728CE1232BAADD5B00542975 /* TrackEditorViewModel.swift in Sources */,
				728CE1212BAADD3000542975 /* TrackEditorView.swift in Sources */,
				5ECAFA502BADA78500FAA2F3 /* ProjectPlaybackService.swift in Sources */,
				5ECAFA592BADA78500FAA2F3 /* VisualizationServiceImp.swift in Sources */,
			);
			runOnlyForDeploymentPostprocessing = 0;
		};
/* End PBXSourcesBuildPhase section */

/* Begin PBXVariantGroup section */
		728CE1292BAADEE700542975 /* Localizable.strings */ = {
			isa = PBXVariantGroup;
			children = (
				728CE1282BAADEE700542975 /* en */,
				728CE12A2BAADEEC00542975 /* ru */,
			);
			name = Localizable.strings;
			sourceTree = "<group>";
		};
/* End PBXVariantGroup section */

/* Begin XCBuildConfiguration section */
		728CE10A2BAACA0100542975 /* Debug */ = {
			isa = XCBuildConfiguration;
			buildSettings = {
				ALWAYS_SEARCH_USER_PATHS = NO;
				CLANG_ANALYZER_NONNULL = YES;
				CLANG_ANALYZER_NUMBER_OBJECT_CONVERSION = YES_AGGRESSIVE;
				CLANG_CXX_LANGUAGE_STANDARD = "gnu++20";
				CLANG_ENABLE_MODULES = YES;
				CLANG_ENABLE_OBJC_ARC = YES;
				CLANG_ENABLE_OBJC_WEAK = YES;
				CLANG_WARN_BLOCK_CAPTURE_AUTORELEASING = YES;
				CLANG_WARN_BOOL_CONVERSION = YES;
				CLANG_WARN_COMMA = YES;
				CLANG_WARN_CONSTANT_CONVERSION = YES;
				CLANG_WARN_DEPRECATED_OBJC_IMPLEMENTATIONS = YES;
				CLANG_WARN_DIRECT_OBJC_ISA_USAGE = YES_ERROR;
				CLANG_WARN_DOCUMENTATION_COMMENTS = YES;
				CLANG_WARN_EMPTY_BODY = YES;
				CLANG_WARN_ENUM_CONVERSION = YES;
				CLANG_WARN_INFINITE_RECURSION = YES;
				CLANG_WARN_INT_CONVERSION = YES;
				CLANG_WARN_NON_LITERAL_NULL_CONVERSION = YES;
				CLANG_WARN_OBJC_IMPLICIT_RETAIN_SELF = YES;
				CLANG_WARN_OBJC_LITERAL_CONVERSION = YES;
				CLANG_WARN_OBJC_ROOT_CLASS = YES_ERROR;
				CLANG_WARN_QUOTED_INCLUDE_IN_FRAMEWORK_HEADER = YES;
				CLANG_WARN_RANGE_LOOP_ANALYSIS = YES;
				CLANG_WARN_STRICT_PROTOTYPES = YES;
				CLANG_WARN_SUSPICIOUS_MOVE = YES;
				CLANG_WARN_UNGUARDED_AVAILABILITY = YES_AGGRESSIVE;
				CLANG_WARN_UNREACHABLE_CODE = YES;
				CLANG_WARN__DUPLICATE_METHOD_MATCH = YES;
				COPY_PHASE_STRIP = NO;
				DEBUG_INFORMATION_FORMAT = dwarf;
				ENABLE_STRICT_OBJC_MSGSEND = YES;
				ENABLE_TESTABILITY = YES;
				GCC_C_LANGUAGE_STANDARD = gnu11;
				GCC_DYNAMIC_NO_PIC = NO;
				GCC_NO_COMMON_BLOCKS = YES;
				GCC_OPTIMIZATION_LEVEL = 0;
				GCC_PREPROCESSOR_DEFINITIONS = (
					"DEBUG=1",
					"$(inherited)",
				);
				GCC_WARN_64_TO_32_BIT_CONVERSION = YES;
				GCC_WARN_ABOUT_RETURN_TYPE = YES_ERROR;
				GCC_WARN_UNDECLARED_SELECTOR = YES;
				GCC_WARN_UNINITIALIZED_AUTOS = YES_AGGRESSIVE;
				GCC_WARN_UNUSED_FUNCTION = YES;
				GCC_WARN_UNUSED_VARIABLE = YES;
				IPHONEOS_DEPLOYMENT_TARGET = 16.4;
				MTL_ENABLE_DEBUG_INFO = INCLUDE_SOURCE;
				MTL_FAST_MATH = YES;
				ONLY_ACTIVE_ARCH = YES;
				SDKROOT = iphoneos;
				SWIFT_ACTIVE_COMPILATION_CONDITIONS = DEBUG;
				SWIFT_OPTIMIZATION_LEVEL = "-Onone";
			};
			name = Debug;
		};
		728CE10B2BAACA0100542975 /* Release */ = {
			isa = XCBuildConfiguration;
			buildSettings = {
				ALWAYS_SEARCH_USER_PATHS = NO;
				CLANG_ANALYZER_NONNULL = YES;
				CLANG_ANALYZER_NUMBER_OBJECT_CONVERSION = YES_AGGRESSIVE;
				CLANG_CXX_LANGUAGE_STANDARD = "gnu++20";
				CLANG_ENABLE_MODULES = YES;
				CLANG_ENABLE_OBJC_ARC = YES;
				CLANG_ENABLE_OBJC_WEAK = YES;
				CLANG_WARN_BLOCK_CAPTURE_AUTORELEASING = YES;
				CLANG_WARN_BOOL_CONVERSION = YES;
				CLANG_WARN_COMMA = YES;
				CLANG_WARN_CONSTANT_CONVERSION = YES;
				CLANG_WARN_DEPRECATED_OBJC_IMPLEMENTATIONS = YES;
				CLANG_WARN_DIRECT_OBJC_ISA_USAGE = YES_ERROR;
				CLANG_WARN_DOCUMENTATION_COMMENTS = YES;
				CLANG_WARN_EMPTY_BODY = YES;
				CLANG_WARN_ENUM_CONVERSION = YES;
				CLANG_WARN_INFINITE_RECURSION = YES;
				CLANG_WARN_INT_CONVERSION = YES;
				CLANG_WARN_NON_LITERAL_NULL_CONVERSION = YES;
				CLANG_WARN_OBJC_IMPLICIT_RETAIN_SELF = YES;
				CLANG_WARN_OBJC_LITERAL_CONVERSION = YES;
				CLANG_WARN_OBJC_ROOT_CLASS = YES_ERROR;
				CLANG_WARN_QUOTED_INCLUDE_IN_FRAMEWORK_HEADER = YES;
				CLANG_WARN_RANGE_LOOP_ANALYSIS = YES;
				CLANG_WARN_STRICT_PROTOTYPES = YES;
				CLANG_WARN_SUSPICIOUS_MOVE = YES;
				CLANG_WARN_UNGUARDED_AVAILABILITY = YES_AGGRESSIVE;
				CLANG_WARN_UNREACHABLE_CODE = YES;
				CLANG_WARN__DUPLICATE_METHOD_MATCH = YES;
				COPY_PHASE_STRIP = NO;
				DEBUG_INFORMATION_FORMAT = "dwarf-with-dsym";
				ENABLE_NS_ASSERTIONS = NO;
				ENABLE_STRICT_OBJC_MSGSEND = YES;
				GCC_C_LANGUAGE_STANDARD = gnu11;
				GCC_NO_COMMON_BLOCKS = YES;
				GCC_WARN_64_TO_32_BIT_CONVERSION = YES;
				GCC_WARN_ABOUT_RETURN_TYPE = YES_ERROR;
				GCC_WARN_UNDECLARED_SELECTOR = YES;
				GCC_WARN_UNINITIALIZED_AUTOS = YES_AGGRESSIVE;
				GCC_WARN_UNUSED_FUNCTION = YES;
				GCC_WARN_UNUSED_VARIABLE = YES;
				IPHONEOS_DEPLOYMENT_TARGET = 16.4;
				MTL_ENABLE_DEBUG_INFO = NO;
				MTL_FAST_MATH = YES;
				SDKROOT = iphoneos;
				SWIFT_COMPILATION_MODE = wholemodule;
				SWIFT_OPTIMIZATION_LEVEL = "-O";
				VALIDATE_PRODUCT = YES;
			};
			name = Release;
		};
		728CE10D2BAACA0100542975 /* Debug */ = {
			isa = XCBuildConfiguration;
			buildSettings = {
				ASSETCATALOG_COMPILER_APPICON_NAME = AppIcon;
				ASSETCATALOG_COMPILER_GLOBAL_ACCENT_COLOR_NAME = AccentColor;
				CODE_SIGN_STYLE = Automatic;
				CURRENT_PROJECT_VERSION = 1;
				DEVELOPMENT_ASSET_PATHS = "\"BeatMaker/Preview Content\"";
				DEVELOPMENT_TEAM = S3KD837NRD;
				ENABLE_PREVIEWS = YES;
				GENERATE_INFOPLIST_FILE = YES;
				INFOPLIST_KEY_UIApplicationSceneManifest_Generation = YES;
				INFOPLIST_KEY_UIApplicationSupportsIndirectInputEvents = YES;
				INFOPLIST_KEY_UILaunchScreen_Generation = YES;
				INFOPLIST_KEY_UISupportedInterfaceOrientations_iPad = "UIInterfaceOrientationPortrait UIInterfaceOrientationPortraitUpsideDown UIInterfaceOrientationLandscapeLeft UIInterfaceOrientationLandscapeRight";
				INFOPLIST_KEY_UISupportedInterfaceOrientations_iPhone = "UIInterfaceOrientationPortrait UIInterfaceOrientationLandscapeLeft UIInterfaceOrientationLandscapeRight";
				LD_RUNPATH_SEARCH_PATHS = (
					"$(inherited)",
					"@executable_path/Frameworks",
				);
				MARKETING_VERSION = 1.0;
				PRODUCT_BUNDLE_IDENTIFIER = com.yakun.BeatMaker;
				PRODUCT_NAME = "$(TARGET_NAME)";
				SWIFT_EMIT_LOC_STRINGS = YES;
				SWIFT_VERSION = 5.0;
				TARGETED_DEVICE_FAMILY = "1,2";
			};
			name = Debug;
		};
		728CE10E2BAACA0100542975 /* Release */ = {
			isa = XCBuildConfiguration;
			buildSettings = {
				ASSETCATALOG_COMPILER_APPICON_NAME = AppIcon;
				ASSETCATALOG_COMPILER_GLOBAL_ACCENT_COLOR_NAME = AccentColor;
				CODE_SIGN_STYLE = Automatic;
				CURRENT_PROJECT_VERSION = 1;
				DEVELOPMENT_ASSET_PATHS = "\"BeatMaker/Preview Content\"";
				DEVELOPMENT_TEAM = S3KD837NRD;
				ENABLE_PREVIEWS = YES;
				GENERATE_INFOPLIST_FILE = YES;
				INFOPLIST_KEY_UIApplicationSceneManifest_Generation = YES;
				INFOPLIST_KEY_UIApplicationSupportsIndirectInputEvents = YES;
				INFOPLIST_KEY_UILaunchScreen_Generation = YES;
				INFOPLIST_KEY_UISupportedInterfaceOrientations_iPad = "UIInterfaceOrientationPortrait UIInterfaceOrientationPortraitUpsideDown UIInterfaceOrientationLandscapeLeft UIInterfaceOrientationLandscapeRight";
				INFOPLIST_KEY_UISupportedInterfaceOrientations_iPhone = "UIInterfaceOrientationPortrait UIInterfaceOrientationLandscapeLeft UIInterfaceOrientationLandscapeRight";
				LD_RUNPATH_SEARCH_PATHS = (
					"$(inherited)",
					"@executable_path/Frameworks",
				);
				MARKETING_VERSION = 1.0;
				PRODUCT_BUNDLE_IDENTIFIER = com.yakun.BeatMaker;
				PRODUCT_NAME = "$(TARGET_NAME)";
				SWIFT_EMIT_LOC_STRINGS = YES;
				SWIFT_VERSION = 5.0;
				TARGETED_DEVICE_FAMILY = "1,2";
			};
			name = Release;
		};
/* End XCBuildConfiguration section */

/* Begin XCConfigurationList section */
		728CE0F92BAAC9FF00542975 /* Build configuration list for PBXProject "BeatMaker" */ = {
			isa = XCConfigurationList;
			buildConfigurations = (
				728CE10A2BAACA0100542975 /* Debug */,
				728CE10B2BAACA0100542975 /* Release */,
			);
			defaultConfigurationIsVisible = 0;
			defaultConfigurationName = Release;
		};
		728CE10C2BAACA0100542975 /* Build configuration list for PBXNativeTarget "BeatMaker" */ = {
			isa = XCConfigurationList;
			buildConfigurations = (
				728CE10D2BAACA0100542975 /* Debug */,
				728CE10E2BAACA0100542975 /* Release */,
			);
			defaultConfigurationIsVisible = 0;
			defaultConfigurationName = Release;
		};
/* End XCConfigurationList section */
	};
	rootObject = 728CE0F62BAAC9FF00542975 /* Project object */;
}
